Microsoft Visual Studio Solution File, Format Version 11.00
# Visual Studio 2010
Project("{2150E333-8FDC-42A3-9474-1A3956D46DE8}") = "(allocator)", "..\..\base\allocator", "{6478B9F3-4858-63F4-35F4-98A303E305F3}"
EndProject
Project("{2150E333-8FDC-42A3-9474-1A3956D46DE8}") = "(base)", "..\..\base", "{9785FB75-982A-5DE3-252D-3F288B9FEF5B}"
EndProject
Project("{2150E333-8FDC-42A3-9474-1A3956D46DE8}") = "(command_buffer)", "..\..\gpu\command_buffer", "{1670CB0B-8AB5-66D9-D715-D2DC1A1CB97F}"
EndProject
Project("{2150E333-8FDC-42A3-9474-1A3956D46DE8}") = "(components)", "..\..\components", "{61D22B61-259C-DDC3-1E7C-14653843C641}"
EndProject
Project("{2150E333-8FDC-42A3-9474-1A3956D46DE8}") = "(gpu)", "..\..\gpu", "{C2E276B7-2737-A889-723C-CE2956B80FB7}"
EndProject
Project("{2150E333-8FDC-42A3-9474-1A3956D46DE8}") = "(ipc)", "..\..\ipc", "{6E739A16-1324-5F4E-B3DD-D8BBDA9938E5}"
EndProject
Project("{2150E333-8FDC-42A3-9474-1A3956D46DE8}") = "(khronos)", "..\..\third_party\khronos", "{7522960F-C97E-E7C9-38F2-1B74A395F476}"
EndProject
Project("{2150E333-8FDC-42A3-9474-1A3956D46DE8}") = "(media)", "..\..\media", "{019E1937-61F3-F9EC-47C4-8EB017B64518}"
EndProject
Project("{2150E333-8FDC-42A3-9474-1A3956D46DE8}") = "(native_client)", "..\..\native_client", "{829C43DA-1372-614D-F044-340432AECC41}"
EndProject
Project("{2150E333-8FDC-42A3-9474-1A3956D46DE8}") = "(ppapi)", "..\..\ppapi", "{5BA6C264-85BC-9866-43EA-BB93D171CD6E}"
EndProject
Project("{2150E333-8FDC-42A3-9474-1A3956D46DE8}") = "(testing)", "..\..\testing", "{EAC80D00-01D2-3F49-A377-20B7154947F3}"
EndProject
Project("{2150E333-8FDC-42A3-9474-1A3956D46DE8}") = "(third_party)", "..\..\base\third_party", "{3E7FA5AF-27B3-2DE0-883C-12F98E7F4E81}"
EndProject
Project("{2150E333-8FDC-42A3-9474-1A3956D46DE8}") = "(third_party)", "..\..\third_party", "{89C816A7-DD31-D54C-C69C-5A80E0C49B77}"
EndProject
Project("{8BC9CEB8-8B4A-11D0-8D11-00A0C91BC942}") = "allocator_extension_thunks", "..\base\allocator\allocator_extension_thunks.vcxproj", "{2915E026-0CF5-5E77-201C-6D6C4C28AA63}"
EndProject
Project("{8BC9CEB8-8B4A-11D0-8D11-00A0C91BC942}") = "base", "..\base\base.vcxproj", "{E96A9715-5A63-9E01-16DD-E6FEEF86FDAD}"
	ProjectSection(ProjectDependencies) = postProject
		{C4F55527-812A-DA57-0C23-11314BA8EED2} = {C4F55527-812A-DA57-0C23-11314BA8EED2}
		{2915E026-0CF5-5E77-201C-6D6C4C28AA63} = {2915E026-0CF5-5E77-201C-6D6C4C28AA63}
		{618290FC-61AC-99C1-0085-B2D6D9294C08} = {618290FC-61AC-99C1-0085-B2D6D9294C08}
		{FDA49C7A-0D19-BC89-3238-75B3B4A0E6EE} = {FDA49C7A-0D19-BC89-3238-75B3B4A0E6EE}
		{26066164-8BCA-BB54-76A5-8B5333BB2C0C} = {26066164-8BCA-BB54-76A5-8B5333BB2C0C}
	EndProjectSection
EndProject
Project("{8BC9CEB8-8B4A-11D0-8D11-00A0C91BC942}") = "base_static", "..\base\base_static.vcxproj", "{C4F55527-812A-DA57-0C23-11314BA8EED2}"
EndProject
Project("{8BC9CEB8-8B4A-11D0-8D11-00A0C91BC942}") = "base_untrusted", "..\base\base_untrusted.vcxproj", "{B2118CF9-B9A3-EFB6-03FA-4C20502F4EB2}"
	ProjectSection(ProjectDependencies) = postProject
		{B095EC88-DAED-71F7-C029-C34CB3212D8A} = {B095EC88-DAED-71F7-C029-C34CB3212D8A}
	EndProjectSection
EndProject
Project("{8BC9CEB8-8B4A-11D0-8D11-00A0C91BC942}") = "command_buffer_client_untrusted", "..\gpu\command_buffer_client_untrusted.vcxproj", "{840E871F-183E-9129-7975-A5057DAE374E}"
	ProjectSection(ProjectDependencies) = postProject
		{B095EC88-DAED-71F7-C029-C34CB3212D8A} = {B095EC88-DAED-71F7-C029-C34CB3212D8A}
		{B2118CF9-B9A3-EFB6-03FA-4C20502F4EB2} = {B2118CF9-B9A3-EFB6-03FA-4C20502F4EB2}
		{78D2C92B-98F5-9E13-9EE5-E0D405CBF3FF} = {78D2C92B-98F5-9E13-9EE5-E0D405CBF3FF}
		{C0B9676C-F471-BBE0-FBFE-856913D2787C} = {C0B9676C-F471-BBE0-FBFE-856913D2787C}
	EndProjectSection
EndProject
Project("{8BC9CEB8-8B4A-11D0-8D11-00A0C91BC942}") = "command_buffer_common_untrusted", "..\gpu\command_buffer_common_untrusted.vcxproj", "{78D2C92B-98F5-9E13-9EE5-E0D405CBF3FF}"
	ProjectSection(ProjectDependencies) = postProject
		{B095EC88-DAED-71F7-C029-C34CB3212D8A} = {B095EC88-DAED-71F7-C029-C34CB3212D8A}
		{B2118CF9-B9A3-EFB6-03FA-4C20502F4EB2} = {B2118CF9-B9A3-EFB6-03FA-4C20502F4EB2}
		{820A40DC-22D2-35EC-02F8-320DBC10D3C3} = {820A40DC-22D2-35EC-02F8-320DBC10D3C3}
		{C0B9676C-F471-BBE0-FBFE-856913D2787C} = {C0B9676C-F471-BBE0-FBFE-856913D2787C}
	EndProjectSection
EndProject
Project("{8BC9CEB8-8B4A-11D0-8D11-00A0C91BC942}") = "crt_fini_32", "..\native_client\crt_fini_32.vcxproj", "{AA21046B-7FD8-2F58-CA40-85625BA4C600}"
	ProjectSection(ProjectDependencies) = postProject
		{4A627EFE-6DE7-D420-85AB-1F5B656627E8} = {4A627EFE-6DE7-D420-85AB-1F5B656627E8}
		{E9C0ADDD-1416-FFD8-F2AD-50E1AA6DB6DD} = {E9C0ADDD-1416-FFD8-F2AD-50E1AA6DB6DD}
	EndProjectSection
EndProject
Project("{8BC9CEB8-8B4A-11D0-8D11-00A0C91BC942}") = "crt_fini_64", "..\native_client\crt_fini_64.vcxproj", "{8300EDD9-B2AD-4298-EF06-BB0E17411B83}"
	ProjectSection(ProjectDependencies) = postProject
		{4A627EFE-6DE7-D420-85AB-1F5B656627E8} = {4A627EFE-6DE7-D420-85AB-1F5B656627E8}
		{E9C0ADDD-1416-FFD8-F2AD-50E1AA6DB6DD} = {E9C0ADDD-1416-FFD8-F2AD-50E1AA6DB6DD}
	EndProjectSection
EndProject
Project("{8BC9CEB8-8B4A-11D0-8D11-00A0C91BC942}") = "crt_init_32", "..\native_client\crt_init_32.vcxproj", "{C785C2F4-BEE6-39C1-2950-7D47C6E670F4}"
	ProjectSection(ProjectDependencies) = postProject
		{4A627EFE-6DE7-D420-85AB-1F5B656627E8} = {4A627EFE-6DE7-D420-85AB-1F5B656627E8}
		{E9C0ADDD-1416-FFD8-F2AD-50E1AA6DB6DD} = {E9C0ADDD-1416-FFD8-F2AD-50E1AA6DB6DD}
	EndProjectSection
EndProject
Project("{8BC9CEB8-8B4A-11D0-8D11-00A0C91BC942}") = "crt_init_64", "..\native_client\crt_init_64.vcxproj", "{38A240F6-7308-D6DC-97ED-0C737A8FD153}"
	ProjectSection(ProjectDependencies) = postProject
		{4A627EFE-6DE7-D420-85AB-1F5B656627E8} = {4A627EFE-6DE7-D420-85AB-1F5B656627E8}
		{E9C0ADDD-1416-FFD8-F2AD-50E1AA6DB6DD} = {E9C0ADDD-1416-FFD8-F2AD-50E1AA6DB6DD}
	EndProjectSection
EndProject
Project("{8BC9CEB8-8B4A-11D0-8D11-00A0C91BC942}") = "dynamic_annotations", "..\base\third_party\dynamic_annotations\dynamic_annotations.vcxproj", "{26066164-8BCA-BB54-76A5-8B5333BB2C0C}"
EndProject
Project("{8BC9CEB8-8B4A-11D0-8D11-00A0C91BC942}") = "gles2_cmd_helper_untrusted", "..\gpu\gles2_cmd_helper_untrusted.vcxproj", "{467EA339-7515-CFDF-2B42-B9C9CA5F1CA6}"
	ProjectSection(ProjectDependencies) = postProject
		{B095EC88-DAED-71F7-C029-C34CB3212D8A} = {B095EC88-DAED-71F7-C029-C34CB3212D8A}
		{B2118CF9-B9A3-EFB6-03FA-4C20502F4EB2} = {B2118CF9-B9A3-EFB6-03FA-4C20502F4EB2}
		{840E871F-183E-9129-7975-A5057DAE374E} = {840E871F-183E-9129-7975-A5057DAE374E}
	EndProjectSection
EndProject
Project("{8BC9CEB8-8B4A-11D0-8D11-00A0C91BC942}") = "gles2_implementation_untrusted", "..\gpu\gles2_implementation_untrusted.vcxproj", "{7983065A-67D5-1ED3-E8D7-195705AE2FBA}"
	ProjectSection(ProjectDependencies) = postProject
		{B095EC88-DAED-71F7-C029-C34CB3212D8A} = {B095EC88-DAED-71F7-C029-C34CB3212D8A}
		{B2118CF9-B9A3-EFB6-03FA-4C20502F4EB2} = {B2118CF9-B9A3-EFB6-03FA-4C20502F4EB2}
		{C0B9676C-F471-BBE0-FBFE-856913D2787C} = {C0B9676C-F471-BBE0-FBFE-856913D2787C}
		{820A40DC-22D2-35EC-02F8-320DBC10D3C3} = {820A40DC-22D2-35EC-02F8-320DBC10D3C3}
		{467EA339-7515-CFDF-2B42-B9C9CA5F1CA6} = {467EA339-7515-CFDF-2B42-B9C9CA5F1CA6}
	EndProjectSection
EndProject
Project("{8BC9CEB8-8B4A-11D0-8D11-00A0C91BC942}") = "gles2_utils_untrusted", "..\gpu\command_buffer\gles2_utils_untrusted.vcxproj", "{820A40DC-22D2-35EC-02F8-320DBC10D3C3}"
	ProjectSection(ProjectDependencies) = postProject
		{B095EC88-DAED-71F7-C029-C34CB3212D8A} = {B095EC88-DAED-71F7-C029-C34CB3212D8A}
		{B2118CF9-B9A3-EFB6-03FA-4C20502F4EB2} = {B2118CF9-B9A3-EFB6-03FA-4C20502F4EB2}
		{C0B9676C-F471-BBE0-FBFE-856913D2787C} = {C0B9676C-F471-BBE0-FBFE-856913D2787C}
	EndProjectSection
EndProject
Project("{8BC9CEB8-8B4A-11D0-8D11-00A0C91BC942}") = "gpu_ipc_untrusted", "..\gpu\gpu_ipc_untrusted.vcxproj", "{1E252CA0-0178-5BB5-D17E-C42A4684B8AD}"
	ProjectSection(ProjectDependencies) = postProject
		{B095EC88-DAED-71F7-C029-C34CB3212D8A} = {B095EC88-DAED-71F7-C029-C34CB3212D8A}
		{B2118CF9-B9A3-EFB6-03FA-4C20502F4EB2} = {B2118CF9-B9A3-EFB6-03FA-4C20502F4EB2}
		{78D2C92B-98F5-9E13-9EE5-E0D405CBF3FF} = {78D2C92B-98F5-9E13-9EE5-E0D405CBF3FF}
		{A38ACEF9-373A-5B5D-887F-88AA973F7CE9} = {A38ACEF9-373A-5B5D-887F-88AA973F7CE9}
		{C0B9676C-F471-BBE0-FBFE-856913D2787C} = {C0B9676C-F471-BBE0-FBFE-856913D2787C}
	EndProjectSection
EndProject
Project("{8BC9CEB8-8B4A-11D0-8D11-00A0C91BC942}") = "gtest_prod", "..\testing\gtest_prod.vcxproj", "{618290FC-61AC-99C1-0085-B2D6D9294C08}"
EndProject
Project("{8BC9CEB8-8B4A-11D0-8D11-00A0C91BC942}") = "ipc", "..\ipc\ipc.vcxproj", "{A38ACEF9-373A-5B5D-887F-88AA973F7CE9}"
	ProjectSection(ProjectDependencies) = postProject
		{E96A9715-5A63-9E01-16DD-E6FEEF86FDAD} = {E96A9715-5A63-9E01-16DD-E6FEEF86FDAD}
		{26066164-8BCA-BB54-76A5-8B5333BB2C0C} = {26066164-8BCA-BB54-76A5-8B5333BB2C0C}
	EndProjectSection
EndProject
Project("{8BC9CEB8-8B4A-11D0-8D11-00A0C91BC942}") = "ipc_untrusted", "..\ipc\ipc_untrusted.vcxproj", "{FCF9540F-DC76-4B1D-F344-73A28CA58A8D}"
	ProjectSection(ProjectDependencies) = postProject
		{B095EC88-DAED-71F7-C029-C34CB3212D8A} = {B095EC88-DAED-71F7-C029-C34CB3212D8A}
		{B2118CF9-B9A3-EFB6-03FA-4C20502F4EB2} = {B2118CF9-B9A3-EFB6-03FA-4C20502F4EB2}
	EndProjectSection
EndProject
Project("{8BC9CEB8-8B4A-11D0-8D11-00A0C91BC942}") = "khronos_headers", "..\third_party\khronos\khronos_headers.vcxproj", "{C0B9676C-F471-BBE0-FBFE-856913D2787C}"
EndProject
Project("{8BC9CEB8-8B4A-11D0-8D11-00A0C91BC942}") = "modp_b64", "..\third_party\modp_b64\modp_b64.vcxproj", "{FDA49C7A-0D19-BC89-3238-75B3B4A0E6EE}"
EndProject
Project("{8BC9CEB8-8B4A-11D0-8D11-00A0C91BC942}") = "ppapi_ipc_untrusted", "ppapi_ipc_untrusted.vcxproj", "{5C29C8B0-3E80-6BBC-DCFA-ECF912672C0C}"
	ProjectSection(ProjectDependencies) = postProject
		{B095EC88-DAED-71F7-C029-C34CB3212D8A} = {B095EC88-DAED-71F7-C029-C34CB3212D8A}
		{B2118CF9-B9A3-EFB6-03FA-4C20502F4EB2} = {B2118CF9-B9A3-EFB6-03FA-4C20502F4EB2}
		{1E252CA0-0178-5BB5-D17E-C42A4684B8AD} = {1E252CA0-0178-5BB5-D17E-C42A4684B8AD}
		{FCF9540F-DC76-4B1D-F344-73A28CA58A8D} = {FCF9540F-DC76-4B1D-F344-73A28CA58A8D}
		{2C61E202-CB72-FDB6-9DCF-0EFB5762AE61} = {2C61E202-CB72-FDB6-9DCF-0EFB5762AE61}
		{3DE553E6-B765-B357-86D2-5FA7B2C41FE7} = {3DE553E6-B765-B357-86D2-5FA7B2C41FE7}
	EndProjectSection
EndProject
Project("{8BC9CEB8-8B4A-11D0-8D11-00A0C91BC942}") = "ppapi_shared_untrusted", "ppapi_shared_untrusted.vcxproj", "{2C61E202-CB72-FDB6-9DCF-0EFB5762AE61}"
	ProjectSection(ProjectDependencies) = postProject
		{B095EC88-DAED-71F7-C029-C34CB3212D8A} = {B095EC88-DAED-71F7-C029-C34CB3212D8A}
		{B2118CF9-B9A3-EFB6-03FA-4C20502F4EB2} = {B2118CF9-B9A3-EFB6-03FA-4C20502F4EB2}
		{820A40DC-22D2-35EC-02F8-320DBC10D3C3} = {820A40DC-22D2-35EC-02F8-320DBC10D3C3}
		{840E871F-183E-9129-7975-A5057DAE374E} = {840E871F-183E-9129-7975-A5057DAE374E}
		{7983065A-67D5-1ED3-E8D7-195705AE2FBA} = {7983065A-67D5-1ED3-E8D7-195705AE2FBA}
		{B5102557-C54D-AD3A-4449-82D4A75A2A7E} = {B5102557-C54D-AD3A-4449-82D4A75A2A7E}
		{C0B9676C-F471-BBE0-FBFE-856913D2787C} = {C0B9676C-F471-BBE0-FBFE-856913D2787C}
	EndProjectSection
EndProject
Project("{8BC9CEB8-8B4A-11D0-8D11-00A0C91BC942}") = "prep_nacl_sdk", "..\native_client\prep_nacl_sdk.vcxproj", "{E9C0ADDD-1416-FFD8-F2AD-50E1AA6DB6DD}"
	ProjectSection(ProjectDependencies) = postProject
		{4A627EFE-6DE7-D420-85AB-1F5B656627E8} = {4A627EFE-6DE7-D420-85AB-1F5B656627E8}
	EndProjectSection
EndProject
Project("{8BC9CEB8-8B4A-11D0-8D11-00A0C91BC942}") = "prep_toolchain", "..\native_client\prep_toolchain.vcxproj", "{B095EC88-DAED-71F7-C029-C34CB3212D8A}"
	ProjectSection(ProjectDependencies) = postProject
		{4A627EFE-6DE7-D420-85AB-1F5B656627E8} = {4A627EFE-6DE7-D420-85AB-1F5B656627E8}
		{E9C0ADDD-1416-FFD8-F2AD-50E1AA6DB6DD} = {E9C0ADDD-1416-FFD8-F2AD-50E1AA6DB6DD}
		{C785C2F4-BEE6-39C1-2950-7D47C6E670F4} = {C785C2F4-BEE6-39C1-2950-7D47C6E670F4}
		{AA21046B-7FD8-2F58-CA40-85625BA4C600} = {AA21046B-7FD8-2F58-CA40-85625BA4C600}
		{38A240F6-7308-D6DC-97ED-0C737A8FD153} = {38A240F6-7308-D6DC-97ED-0C737A8FD153}
		{8300EDD9-B2AD-4298-EF06-BB0E17411B83} = {8300EDD9-B2AD-4298-EF06-BB0E17411B83}
	EndProjectSection
EndProject
Project("{8BC9CEB8-8B4A-11D0-8D11-00A0C91BC942}") = "shared_memory_support_untrusted", "..\media\shared_memory_support_untrusted.vcxproj", "{B5102557-C54D-AD3A-4449-82D4A75A2A7E}"
	ProjectSection(ProjectDependencies) = postProject
		{B095EC88-DAED-71F7-C029-C34CB3212D8A} = {B095EC88-DAED-71F7-C029-C34CB3212D8A}
		{B2118CF9-B9A3-EFB6-03FA-4C20502F4EB2} = {B2118CF9-B9A3-EFB6-03FA-4C20502F4EB2}
	EndProjectSection
EndProject
Project("{8BC9CEB8-8B4A-11D0-8D11-00A0C91BC942}") = "tracing_untrusted", "..\components\tracing_untrusted.vcxproj", "{3DE553E6-B765-B357-86D2-5FA7B2C41FE7}"
	ProjectSection(ProjectDependencies) = postProject
		{B2118CF9-B9A3-EFB6-03FA-4C20502F4EB2} = {B2118CF9-B9A3-EFB6-03FA-4C20502F4EB2}
		{B095EC88-DAED-71F7-C029-C34CB3212D8A} = {B095EC88-DAED-71F7-C029-C34CB3212D8A}
		{A38ACEF9-373A-5B5D-887F-88AA973F7CE9} = {A38ACEF9-373A-5B5D-887F-88AA973F7CE9}
	EndProjectSection
EndProject
Project("{8BC9CEB8-8B4A-11D0-8D11-00A0C91BC942}") = "untar_toolchains", "..\native_client\untar_toolchains.vcxproj", "{4A627EFE-6DE7-D420-85AB-1F5B656627E8}"
EndProject
Global
	GlobalSection(SolutionConfigurationPlatforms) = preSolution
		Release|x64 = Release|x64
		Debug|Win32 = Debug|Win32
		Debug|x64 = Debug|x64
		Release|Win32 = Release|Win32
	EndGlobalSection
	GlobalSection(ProjectConfigurationPlatforms) = postSolution
		{1E252CA0-0178-5BB5-D17E-C42A4684B8AD}.Release|x64.ActiveCfg = Release|x64
		{1E252CA0-0178-5BB5-D17E-C42A4684B8AD}.Release|x64.Build.0 = Release|x64
		{1E252CA0-0178-5BB5-D17E-C42A4684B8AD}.Debug|Win32.ActiveCfg = Debug|Win32
		{1E252CA0-0178-5BB5-D17E-C42A4684B8AD}.Debug|Win32.Build.0 = Debug|Win32
		{1E252CA0-0178-5BB5-D17E-C42A4684B8AD}.Debug|x64.ActiveCfg = Debug|x64
		{1E252CA0-0178-5BB5-D17E-C42A4684B8AD}.Debug|x64.Build.0 = Debug|x64
		{1E252CA0-0178-5BB5-D17E-C42A4684B8AD}.Release|Win32.ActiveCfg = Release|Win32
		{1E252CA0-0178-5BB5-D17E-C42A4684B8AD}.Release|Win32.Build.0 = Release|Win32
		{26066164-8BCA-BB54-76A5-8B5333BB2C0C}.Release|x64.ActiveCfg = Release|x64
		{26066164-8BCA-BB54-76A5-8B5333BB2C0C}.Release|x64.Build.0 = Release|x64
		{26066164-8BCA-BB54-76A5-8B5333BB2C0C}.Debug|Win32.ActiveCfg = Debug|Win32
		{26066164-8BCA-BB54-76A5-8B5333BB2C0C}.Debug|Win32.Build.0 = Debug|Win32
		{26066164-8BCA-BB54-76A5-8B5333BB2C0C}.Debug|x64.ActiveCfg = Debug|x64
		{26066164-8BCA-BB54-76A5-8B5333BB2C0C}.Debug|x64.Build.0 = Debug|x64
		{26066164-8BCA-BB54-76A5-8B5333BB2C0C}.Release|Win32.ActiveCfg = Release|Win32
		{26066164-8BCA-BB54-76A5-8B5333BB2C0C}.Release|Win32.Build.0 = Release|Win32
		{2915E026-0CF5-5E77-201C-6D6C4C28AA63}.Release|x64.ActiveCfg = Release|x64
		{2915E026-0CF5-5E77-201C-6D6C4C28AA63}.Release|x64.Build.0 = Release|x64
		{2915E026-0CF5-5E77-201C-6D6C4C28AA63}.Debug|Win32.ActiveCfg = Debug|Win32
		{2915E026-0CF5-5E77-201C-6D6C4C28AA63}.Debug|Win32.Build.0 = Debug|Win32
		{2915E026-0CF5-5E77-201C-6D6C4C28AA63}.Debug|x64.ActiveCfg = Debug|x64
		{2915E026-0CF5-5E77-201C-6D6C4C28AA63}.Debug|x64.Build.0 = Debug|x64
		{2915E026-0CF5-5E77-201C-6D6C4C28AA63}.Release|Win32.ActiveCfg = Release|Win32
		{2915E026-0CF5-5E77-201C-6D6C4C28AA63}.Release|Win32.Build.0 = Release|Win32
		{2C61E202-CB72-FDB6-9DCF-0EFB5762AE61}.Release|x64.ActiveCfg = Release|x64
		{2C61E202-CB72-FDB6-9DCF-0EFB5762AE61}.Release|x64.Build.0 = Release|x64
		{2C61E202-CB72-FDB6-9DCF-0EFB5762AE61}.Debug|Win32.ActiveCfg = Debug|Win32
		{2C61E202-CB72-FDB6-9DCF-0EFB5762AE61}.Debug|Win32.Build.0 = Debug|Win32
		{2C61E202-CB72-FDB6-9DCF-0EFB5762AE61}.Debug|x64.ActiveCfg = Debug|x64
		{2C61E202-CB72-FDB6-9DCF-0EFB5762AE61}.Debug|x64.Build.0 = Debug|x64
		{2C61E202-CB72-FDB6-9DCF-0EFB5762AE61}.Release|Win32.ActiveCfg = Release|Win32
		{2C61E202-CB72-FDB6-9DCF-0EFB5762AE61}.Release|Win32.Build.0 = Release|Win32
		{38A240F6-7308-D6DC-97ED-0C737A8FD153}.Release|x64.ActiveCfg = Release|x64
		{38A240F6-7308-D6DC-97ED-0C737A8FD153}.Release|x64.Build.0 = Release|x64
		{38A240F6-7308-D6DC-97ED-0C737A8FD153}.Debug|Win32.ActiveCfg = Debug|Win32
		{38A240F6-7308-D6DC-97ED-0C737A8FD153}.Debug|Win32.Build.0 = Debug|Win32
		{38A240F6-7308-D6DC-97ED-0C737A8FD153}.Debug|x64.ActiveCfg = Debug|x64
		{38A240F6-7308-D6DC-97ED-0C737A8FD153}.Debug|x64.Build.0 = Debug|x64
		{38A240F6-7308-D6DC-97ED-0C737A8FD153}.Release|Win32.ActiveCfg = Release|Win32
		{38A240F6-7308-D6DC-97ED-0C737A8FD153}.Release|Win32.Build.0 = Release|Win32
		{3DE553E6-B765-B357-86D2-5FA7B2C41FE7}.Release|x64.ActiveCfg = Release|x64
		{3DE553E6-B765-B357-86D2-5FA7B2C41FE7}.Release|x64.Build.0 = Release|x64
		{3DE553E6-B765-B357-86D2-5FA7B2C41FE7}.Debug|Win32.ActiveCfg = Debug|Win32
		{3DE553E6-B765-B357-86D2-5FA7B2C41FE7}.Debug|Win32.Build.0 = Debug|Win32
		{3DE553E6-B765-B357-86D2-5FA7B2C41FE7}.Debug|x64.ActiveCfg = Debug|x64
		{3DE553E6-B765-B357-86D2-5FA7B2C41FE7}.Debug|x64.Build.0 = Debug|x64
		{3DE553E6-B765-B357-86D2-5FA7B2C41FE7}.Release|Win32.ActiveCfg = Release|Win32
		{3DE553E6-B765-B357-86D2-5FA7B2C41FE7}.Release|Win32.Build.0 = Release|Win32
		{467EA339-7515-CFDF-2B42-B9C9CA5F1CA6}.Release|x64.ActiveCfg = Release|x64
		{467EA339-7515-CFDF-2B42-B9C9CA5F1CA6}.Release|x64.Build.0 = Release|x64
		{467EA339-7515-CFDF-2B42-B9C9CA5F1CA6}.Debug|Win32.ActiveCfg = Debug|Win32
		{467EA339-7515-CFDF-2B42-B9C9CA5F1CA6}.Debug|Win32.Build.0 = Debug|Win32
		{467EA339-7515-CFDF-2B42-B9C9CA5F1CA6}.Debug|x64.ActiveCfg = Debug|x64
		{467EA339-7515-CFDF-2B42-B9C9CA5F1CA6}.Debug|x64.Build.0 = Debug|x64
		{467EA339-7515-CFDF-2B42-B9C9CA5F1CA6}.Release|Win32.ActiveCfg = Release|Win32
		{467EA339-7515-CFDF-2B42-B9C9CA5F1CA6}.Release|Win32.Build.0 = Release|Win32
		{4A627EFE-6DE7-D420-85AB-1F5B656627E8}.Release|x64.ActiveCfg = Release|x64
		{4A627EFE-6DE7-D420-85AB-1F5B656627E8}.Release|x64.Build.0 = Release|x64
		{4A627EFE-6DE7-D420-85AB-1F5B656627E8}.Debug|Win32.ActiveCfg = Debug|Win32
		{4A627EFE-6DE7-D420-85AB-1F5B656627E8}.Debug|Win32.Build.0 = Debug|Win32
		{4A627EFE-6DE7-D420-85AB-1F5B656627E8}.Debug|x64.ActiveCfg = Debug|x64
		{4A627EFE-6DE7-D420-85AB-1F5B656627E8}.Debug|x64.Build.0 = Debug|x64
		{4A627EFE-6DE7-D420-85AB-1F5B656627E8}.Release|Win32.ActiveCfg = Release|Win32
		{4A627EFE-6DE7-D420-85AB-1F5B656627E8}.Release|Win32.Build.0 = Release|Win32
		{5C29C8B0-3E80-6BBC-DCFA-ECF912672C0C}.Release|x64.ActiveCfg = Release|x64
		{5C29C8B0-3E80-6BBC-DCFA-ECF912672C0C}.Release|x64.Build.0 = Release|x64
		{5C29C8B0-3E80-6BBC-DCFA-ECF912672C0C}.Debug|Win32.ActiveCfg = Debug|Win32
		{5C29C8B0-3E80-6BBC-DCFA-ECF912672C0C}.Debug|Win32.Build.0 = Debug|Win32
		{5C29C8B0-3E80-6BBC-DCFA-ECF912672C0C}.Debug|x64.ActiveCfg = Debug|x64
		{5C29C8B0-3E80-6BBC-DCFA-ECF912672C0C}.Debug|x64.Build.0 = Debug|x64
		{5C29C8B0-3E80-6BBC-DCFA-ECF912672C0C}.Release|Win32.ActiveCfg = Release|Win32
		{5C29C8B0-3E80-6BBC-DCFA-ECF912672C0C}.Release|Win32.Build.0 = Release|Win32
		{618290FC-61AC-99C1-0085-B2D6D9294C08}.Release|x64.ActiveCfg = Release|x64
		{618290FC-61AC-99C1-0085-B2D6D9294C08}.Release|x64.Build.0 = Release|x64
		{618290FC-61AC-99C1-0085-B2D6D9294C08}.Debug|Win32.ActiveCfg = Debug|Win32
		{618290FC-61AC-99C1-0085-B2D6D9294C08}.Debug|Win32.Build.0 = Debug|Win32
		{618290FC-61AC-99C1-0085-B2D6D9294C08}.Debug|x64.ActiveCfg = Debug|x64
		{618290FC-61AC-99C1-0085-B2D6D9294C08}.Debug|x64.Build.0 = Debug|x64
		{618290FC-61AC-99C1-0085-B2D6D9294C08}.Release|Win32.ActiveCfg = Release|Win32
		{618290FC-61AC-99C1-0085-B2D6D9294C08}.Release|Win32.Build.0 = Release|Win32
		{78D2C92B-98F5-9E13-9EE5-E0D405CBF3FF}.Release|x64.ActiveCfg = Release|x64
		{78D2C92B-98F5-9E13-9EE5-E0D405CBF3FF}.Release|x64.Build.0 = Release|x64
		{78D2C92B-98F5-9E13-9EE5-E0D405CBF3FF}.Debug|Win32.ActiveCfg = Debug|Win32
		{78D2C92B-98F5-9E13-9EE5-E0D405CBF3FF}.Debug|Win32.Build.0 = Debug|Win32
		{78D2C92B-98F5-9E13-9EE5-E0D405CBF3FF}.Debug|x64.ActiveCfg = Debug|x64
		{78D2C92B-98F5-9E13-9EE5-E0D405CBF3FF}.Debug|x64.Build.0 = Debug|x64
		{78D2C92B-98F5-9E13-9EE5-E0D405CBF3FF}.Release|Win32.ActiveCfg = Release|Win32
		{78D2C92B-98F5-9E13-9EE5-E0D405CBF3FF}.Release|Win32.Build.0 = Release|Win32
		{7983065A-67D5-1ED3-E8D7-195705AE2FBA}.Release|x64.ActiveCfg = Release|x64
		{7983065A-67D5-1ED3-E8D7-195705AE2FBA}.Release|x64.Build.0 = Release|x64
		{7983065A-67D5-1ED3-E8D7-195705AE2FBA}.Debug|Win32.ActiveCfg = Debug|Win32
		{7983065A-67D5-1ED3-E8D7-195705AE2FBA}.Debug|Win32.Build.0 = Debug|Win32
		{7983065A-67D5-1ED3-E8D7-195705AE2FBA}.Debug|x64.ActiveCfg = Debug|x64
		{7983065A-67D5-1ED3-E8D7-195705AE2FBA}.Debug|x64.Build.0 = Debug|x64
		{7983065A-67D5-1ED3-E8D7-195705AE2FBA}.Release|Win32.ActiveCfg = Release|Win32
		{7983065A-67D5-1ED3-E8D7-195705AE2FBA}.Release|Win32.Build.0 = Release|Win32
		{820A40DC-22D2-35EC-02F8-320DBC10D3C3}.Release|x64.ActiveCfg = Release|x64
		{820A40DC-22D2-35EC-02F8-320DBC10D3C3}.Release|x64.Build.0 = Release|x64
		{820A40DC-22D2-35EC-02F8-320DBC10D3C3}.Debug|Win32.ActiveCfg = Debug|Win32
		{820A40DC-22D2-35EC-02F8-320DBC10D3C3}.Debug|Win32.Build.0 = Debug|Win32
		{820A40DC-22D2-35EC-02F8-320DBC10D3C3}.Debug|x64.ActiveCfg = Debug|x64
		{820A40DC-22D2-35EC-02F8-320DBC10D3C3}.Debug|x64.Build.0 = Debug|x64
		{820A40DC-22D2-35EC-02F8-320DBC10D3C3}.Release|Win32.ActiveCfg = Release|Win32
		{820A40DC-22D2-35EC-02F8-320DBC10D3C3}.Release|Win32.Build.0 = Release|Win32
		{8300EDD9-B2AD-4298-EF06-BB0E17411B83}.Release|x64.ActiveCfg = Release|x64
		{8300EDD9-B2AD-4298-EF06-BB0E17411B83}.Release|x64.Build.0 = Release|x64
		{8300EDD9-B2AD-4298-EF06-BB0E17411B83}.Debug|Win32.ActiveCfg = Debug|Win32
		{8300EDD9-B2AD-4298-EF06-BB0E17411B83}.Debug|Win32.Build.0 = Debug|Win32
		{8300EDD9-B2AD-4298-EF06-BB0E17411B83}.Debug|x64.ActiveCfg = Debug|x64
		{8300EDD9-B2AD-4298-EF06-BB0E17411B83}.Debug|x64.Build.0 = Debug|x64
		{8300EDD9-B2AD-4298-EF06-BB0E17411B83}.Release|Win32.ActiveCfg = Release|Win32
		{8300EDD9-B2AD-4298-EF06-BB0E17411B83}.Release|Win32.Build.0 = Release|Win32
		{840E871F-183E-9129-7975-A5057DAE374E}.Release|x64.ActiveCfg = Release|x64
		{840E871F-183E-9129-7975-A5057DAE374E}.Release|x64.Build.0 = Release|x64
		{840E871F-183E-9129-7975-A5057DAE374E}.Debug|Win32.ActiveCfg = Debug|Win32
		{840E871F-183E-9129-7975-A5057DAE374E}.Debug|Win32.Build.0 = Debug|Win32
		{840E871F-183E-9129-7975-A5057DAE374E}.Debug|x64.ActiveCfg = Debug|x64
		{840E871F-183E-9129-7975-A5057DAE374E}.Debug|x64.Build.0 = Debug|x64
		{840E871F-183E-9129-7975-A5057DAE374E}.Release|Win32.ActiveCfg = Release|Win32
		{840E871F-183E-9129-7975-A5057DAE374E}.Release|Win32.Build.0 = Release|Win32
		{A38ACEF9-373A-5B5D-887F-88AA973F7CE9}.Release|x64.ActiveCfg = Release|x64
		{A38ACEF9-373A-5B5D-887F-88AA973F7CE9}.Release|x64.Build.0 = Release|x64
		{A38ACEF9-373A-5B5D-887F-88AA973F7CE9}.Debug|Win32.ActiveCfg = Debug|Win32
		{A38ACEF9-373A-5B5D-887F-88AA973F7CE9}.Debug|Win32.Build.0 = Debug|Win32
		{A38ACEF9-373A-5B5D-887F-88AA973F7CE9}.Debug|x64.ActiveCfg = Debug|x64
		{A38ACEF9-373A-5B5D-887F-88AA973F7CE9}.Debug|x64.Build.0 = Debug|x64
		{A38ACEF9-373A-5B5D-887F-88AA973F7CE9}.Release|Win32.ActiveCfg = Release|Win32
		{A38ACEF9-373A-5B5D-887F-88AA973F7CE9}.Release|Win32.Build.0 = Release|Win32
		{AA21046B-7FD8-2F58-CA40-85625BA4C600}.Release|x64.ActiveCfg = Release|x64
		{AA21046B-7FD8-2F58-CA40-85625BA4C600}.Release|x64.Build.0 = Release|x64
		{AA21046B-7FD8-2F58-CA40-85625BA4C600}.Debug|Win32.ActiveCfg = Debug|Win32
		{AA21046B-7FD8-2F58-CA40-85625BA4C600}.Debug|Win32.Build.0 = Debug|Win32
		{AA21046B-7FD8-2F58-CA40-85625BA4C600}.Debug|x64.ActiveCfg = Debug|x64
		{AA21046B-7FD8-2F58-CA40-85625BA4C600}.Debug|x64.Build.0 = Debug|x64
		{AA21046B-7FD8-2F58-CA40-85625BA4C600}.Release|Win32.ActiveCfg = Release|Win32
		{AA21046B-7FD8-2F58-CA40-85625BA4C600}.Release|Win32.Build.0 = Release|Win32
		{B095EC88-DAED-71F7-C029-C34CB3212D8A}.Release|x64.ActiveCfg = Release|x64
		{B095EC88-DAED-71F7-C029-C34CB3212D8A}.Release|x64.Build.0 = Release|x64
		{B095EC88-DAED-71F7-C029-C34CB3212D8A}.Debug|Win32.ActiveCfg = Debug|Win32
		{B095EC88-DAED-71F7-C029-C34CB3212D8A}.Debug|Win32.Build.0 = Debug|Win32
		{B095EC88-DAED-71F7-C029-C34CB3212D8A}.Debug|x64.ActiveCfg = Debug|x64
		{B095EC88-DAED-71F7-C029-C34CB3212D8A}.Debug|x64.Build.0 = Debug|x64
		{B095EC88-DAED-71F7-C029-C34CB3212D8A}.Release|Win32.ActiveCfg = Release|Win32
		{B095EC88-DAED-71F7-C029-C34CB3212D8A}.Release|Win32.Build.0 = Release|Win32
		{B2118CF9-B9A3-EFB6-03FA-4C20502F4EB2}.Release|x64.ActiveCfg = Release|x64
		{B2118CF9-B9A3-EFB6-03FA-4C20502F4EB2}.Release|x64.Build.0 = Release|x64
		{B2118CF9-B9A3-EFB6-03FA-4C20502F4EB2}.Debug|Win32.ActiveCfg = Debug|Win32
		{B2118CF9-B9A3-EFB6-03FA-4C20502F4EB2}.Debug|Win32.Build.0 = Debug|Win32
		{B2118CF9-B9A3-EFB6-03FA-4C20502F4EB2}.Debug|x64.ActiveCfg = Debug|x64
		{B2118CF9-B9A3-EFB6-03FA-4C20502F4EB2}.Debug|x64.Build.0 = Debug|x64
		{B2118CF9-B9A3-EFB6-03FA-4C20502F4EB2}.Release|Win32.ActiveCfg = Release|Win32
		{B2118CF9-B9A3-EFB6-03FA-4C20502F4EB2}.Release|Win32.Build.0 = Release|Win32
		{B5102557-C54D-AD3A-4449-82D4A75A2A7E}.Release|x64.ActiveCfg = Release|x64
		{B5102557-C54D-AD3A-4449-82D4A75A2A7E}.Release|x64.Build.0 = Release|x64
		{B5102557-C54D-AD3A-4449-82D4A75A2A7E}.Debug|Win32.ActiveCfg = Debug|Win32
		{B5102557-C54D-AD3A-4449-82D4A75A2A7E}.Debug|Win32.Build.0 = Debug|Win32
		{B5102557-C54D-AD3A-4449-82D4A75A2A7E}.Debug|x64.ActiveCfg = Debug|x64
		{B5102557-C54D-AD3A-4449-82D4A75A2A7E}.Debug|x64.Build.0 = Debug|x64
		{B5102557-C54D-AD3A-4449-82D4A75A2A7E}.Release|Win32.ActiveCfg = Release|Win32
		{B5102557-C54D-AD3A-4449-82D4A75A2A7E}.Release|Win32.Build.0 = Release|Win32
		{C0B9676C-F471-BBE0-FBFE-856913D2787C}.Release|x64.ActiveCfg = Release|x64
		{C0B9676C-F471-BBE0-FBFE-856913D2787C}.Release|x64.Build.0 = Release|x64
		{C0B9676C-F471-BBE0-FBFE-856913D2787C}.Debug|Win32.ActiveCfg = Debug|Win32
		{C0B9676C-F471-BBE0-FBFE-856913D2787C}.Debug|Win32.Build.0 = Debug|Win32
		{C0B9676C-F471-BBE0-FBFE-856913D2787C}.Debug|x64.ActiveCfg = Debug|x64
		{C0B9676C-F471-BBE0-FBFE-856913D2787C}.Debug|x64.Build.0 = Debug|x64
		{C0B9676C-F471-BBE0-FBFE-856913D2787C}.Release|Win32.ActiveCfg = Release|Win32
		{C0B9676C-F471-BBE0-FBFE-856913D2787C}.Release|Win32.Build.0 = Release|Win32
		{C4F55527-812A-DA57-0C23-11314BA8EED2}.Release|x64.ActiveCfg = Release|x64
		{C4F55527-812A-DA57-0C23-11314BA8EED2}.Release|x64.Build.0 = Release|x64
		{C4F55527-812A-DA57-0C23-11314BA8EED2}.Debug|Win32.ActiveCfg = Debug|Win32
		{C4F55527-812A-DA57-0C23-11314BA8EED2}.Debug|Win32.Build.0 = Debug|Win32
		{C4F55527-812A-DA57-0C23-11314BA8EED2}.Debug|x64.ActiveCfg = Debug|x64
		{C4F55527-812A-DA57-0C23-11314BA8EED2}.Debug|x64.Build.0 = Debug|x64
		{C4F55527-812A-DA57-0C23-11314BA8EED2}.Release|Win32.ActiveCfg = Release|Win32
		{C4F55527-812A-DA57-0C23-11314BA8EED2}.Release|Win32.Build.0 = Release|Win32
		{C785C2F4-BEE6-39C1-2950-7D47C6E670F4}.Release|x64.ActiveCfg = Release|x64
		{C785C2F4-BEE6-39C1-2950-7D47C6E670F4}.Release|x64.Build.0 = Release|x64
		{C785C2F4-BEE6-39C1-2950-7D47C6E670F4}.Debug|Win32.ActiveCfg = Debug|Win32
		{C785C2F4-BEE6-39C1-2950-7D47C6E670F4}.Debug|Win32.Build.0 = Debug|Win32
		{C785C2F4-BEE6-39C1-2950-7D47C6E670F4}.Debug|x64.ActiveCfg = Debug|x64
		{C785C2F4-BEE6-39C1-2950-7D47C6E670F4}.Debug|x64.Build.0 = Debug|x64
		{C785C2F4-BEE6-39C1-2950-7D47C6E670F4}.Release|Win32.ActiveCfg = Release|Win32
		{C785C2F4-BEE6-39C1-2950-7D47C6E670F4}.Release|Win32.Build.0 = Release|Win32
		{E96A9715-5A63-9E01-16DD-E6FEEF86FDAD}.Release|x64.ActiveCfg = Release|x64
		{E96A9715-5A63-9E01-16DD-E6FEEF86FDAD}.Release|x64.Build.0 = Release|x64
		{E96A9715-5A63-9E01-16DD-E6FEEF86FDAD}.Debug|Win32.ActiveCfg = Debug|Win32
		{E96A9715-5A63-9E01-16DD-E6FEEF86FDAD}.Debug|Win32.Build.0 = Debug|Win32
		{E96A9715-5A63-9E01-16DD-E6FEEF86FDAD}.Debug|x64.ActiveCfg = Debug|x64
		{E96A9715-5A63-9E01-16DD-E6FEEF86FDAD}.Debug|x64.Build.0 = Debug|x64
		{E96A9715-5A63-9E01-16DD-E6FEEF86FDAD}.Release|Win32.ActiveCfg = Release|Win32
		{E96A9715-5A63-9E01-16DD-E6FEEF86FDAD}.Release|Win32.Build.0 = Release|Win32
		{E9C0ADDD-1416-FFD8-F2AD-50E1AA6DB6DD}.Release|x64.ActiveCfg = Release|x64
		{E9C0ADDD-1416-FFD8-F2AD-50E1AA6DB6DD}.Release|x64.Build.0 = Release|x64
		{E9C0ADDD-1416-FFD8-F2AD-50E1AA6DB6DD}.Debug|Win32.ActiveCfg = Debug|Win32
		{E9C0ADDD-1416-FFD8-F2AD-50E1AA6DB6DD}.Debug|Win32.Build.0 = Debug|Win32
		{E9C0ADDD-1416-FFD8-F2AD-50E1AA6DB6DD}.Debug|x64.ActiveCfg = Debug|x64
		{E9C0ADDD-1416-FFD8-F2AD-50E1AA6DB6DD}.Debug|x64.Build.0 = Debug|x64
		{E9C0ADDD-1416-FFD8-F2AD-50E1AA6DB6DD}.Release|Win32.ActiveCfg = Release|Win32
		{E9C0ADDD-1416-FFD8-F2AD-50E1AA6DB6DD}.Release|Win32.Build.0 = Release|Win32
		{FCF9540F-DC76-4B1D-F344-73A28CA58A8D}.Release|x64.ActiveCfg = Release|x64
		{FCF9540F-DC76-4B1D-F344-73A28CA58A8D}.Release|x64.Build.0 = Release|x64
		{FCF9540F-DC76-4B1D-F344-73A28CA58A8D}.Debug|Win32.ActiveCfg = Debug|Win32
		{FCF9540F-DC76-4B1D-F344-73A28CA58A8D}.Debug|Win32.Build.0 = Debug|Win32
		{FCF9540F-DC76-4B1D-F344-73A28CA58A8D}.Debug|x64.ActiveCfg = Debug|x64
		{FCF9540F-DC76-4B1D-F344-73A28CA58A8D}.Debug|x64.Build.0 = Debug|x64
		{FCF9540F-DC76-4B1D-F344-73A28CA58A8D}.Release|Win32.ActiveCfg = Release|Win32
		{FCF9540F-DC76-4B1D-F344-73A28CA58A8D}.Release|Win32.Build.0 = Release|Win32
		{FDA49C7A-0D19-BC89-3238-75B3B4A0E6EE}.Release|x64.ActiveCfg = Release|x64
		{FDA49C7A-0D19-BC89-3238-75B3B4A0E6EE}.Release|x64.Build.0 = Release|x64
		{FDA49C7A-0D19-BC89-3238-75B3B4A0E6EE}.Debug|Win32.ActiveCfg = Debug|Win32
		{FDA49C7A-0D19-BC89-3238-75B3B4A0E6EE}.Debug|Win32.Build.0 = Debug|Win32
		{FDA49C7A-0D19-BC89-3238-75B3B4A0E6EE}.Debug|x64.ActiveCfg = Debug|x64
		{FDA49C7A-0D19-BC89-3238-75B3B4A0E6EE}.Debug|x64.Build.0 = Debug|x64
		{FDA49C7A-0D19-BC89-3238-75B3B4A0E6EE}.Release|Win32.ActiveCfg = Release|Win32
		{FDA49C7A-0D19-BC89-3238-75B3B4A0E6EE}.Release|Win32.Build.0 = Release|Win32
	EndGlobalSection
	GlobalSection(SolutionProperties) = preSolution
		HideSolutionNode = FALSE
	EndGlobalSection
	GlobalSection(NestedProjects) = preSolution
		{2915E026-0CF5-5E77-201C-6D6C4C28AA63} = {6478B9F3-4858-63F4-35F4-98A303E305F3}
		{6478B9F3-4858-63F4-35F4-98A303E305F3} = {9785FB75-982A-5DE3-252D-3F288B9FEF5B}
		{3E7FA5AF-27B3-2DE0-883C-12F98E7F4E81} = {9785FB75-982A-5DE3-252D-3F288B9FEF5B}
		{E96A9715-5A63-9E01-16DD-E6FEEF86FDAD} = {9785FB75-982A-5DE3-252D-3F288B9FEF5B}
		{C4F55527-812A-DA57-0C23-11314BA8EED2} = {9785FB75-982A-5DE3-252D-3F288B9FEF5B}
		{B2118CF9-B9A3-EFB6-03FA-4C20502F4EB2} = {9785FB75-982A-5DE3-252D-3F288B9FEF5B}
		{820A40DC-22D2-35EC-02F8-320DBC10D3C3} = {1670CB0B-8AB5-66D9-D715-D2DC1A1CB97F}
		{3DE553E6-B765-B357-86D2-5FA7B2C41FE7} = {61D22B61-259C-DDC3-1E7C-14653843C641}
		{1670CB0B-8AB5-66D9-D715-D2DC1A1CB97F} = {C2E276B7-2737-A889-723C-CE2956B80FB7}
		{840E871F-183E-9129-7975-A5057DAE374E} = {C2E276B7-2737-A889-723C-CE2956B80FB7}
		{78D2C92B-98F5-9E13-9EE5-E0D405CBF3FF} = {C2E276B7-2737-A889-723C-CE2956B80FB7}
		{467EA339-7515-CFDF-2B42-B9C9CA5F1CA6} = {C2E276B7-2737-A889-723C-CE2956B80FB7}
		{7983065A-67D5-1ED3-E8D7-195705AE2FBA} = {C2E276B7-2737-A889-723C-CE2956B80FB7}
		{1E252CA0-0178-5BB5-D17E-C42A4684B8AD} = {C2E276B7-2737-A889-723C-CE2956B80FB7}
		{A38ACEF9-373A-5B5D-887F-88AA973F7CE9} = {6E739A16-1324-5F4E-B3DD-D8BBDA9938E5}
		{FCF9540F-DC76-4B1D-F344-73A28CA58A8D} = {6E739A16-1324-5F4E-B3DD-D8BBDA9938E5}
		{C0B9676C-F471-BBE0-FBFE-856913D2787C} = {7522960F-C97E-E7C9-38F2-1B74A395F476}
		{B5102557-C54D-AD3A-4449-82D4A75A2A7E} = {019E1937-61F3-F9EC-47C4-8EB017B64518}
		{AA21046B-7FD8-2F58-CA40-85625BA4C600} = {829C43DA-1372-614D-F044-340432AECC41}
		{8300EDD9-B2AD-4298-EF06-BB0E17411B83} = {829C43DA-1372-614D-F044-340432AECC41}
		{C785C2F4-BEE6-39C1-2950-7D47C6E670F4} = {829C43DA-1372-614D-F044-340432AECC41}
		{38A240F6-7308-D6DC-97ED-0C737A8FD153} = {829C43DA-1372-614D-F044-340432AECC41}
		{E9C0ADDD-1416-FFD8-F2AD-50E1AA6DB6DD} = {829C43DA-1372-614D-F044-340432AECC41}
		{B095EC88-DAED-71F7-C029-C34CB3212D8A} = {829C43DA-1372-614D-F044-340432AECC41}
		{4A627EFE-6DE7-D420-85AB-1F5B656627E8} = {829C43DA-1372-614D-F044-340432AECC41}
		{5C29C8B0-3E80-6BBC-DCFA-ECF912672C0C} = {5BA6C264-85BC-9866-43EA-BB93D171CD6E}
		{2C61E202-CB72-FDB6-9DCF-0EFB5762AE61} = {5BA6C264-85BC-9866-43EA-BB93D171CD6E}
		{618290FC-61AC-99C1-0085-B2D6D9294C08} = {EAC80D00-01D2-3F49-A377-20B7154947F3}
		{26066164-8BCA-BB54-76A5-8B5333BB2C0C} = {3E7FA5AF-27B3-2DE0-883C-12F98E7F4E81}
		{7522960F-C97E-E7C9-38F2-1B74A395F476} = {89C816A7-DD31-D54C-C69C-5A80E0C49B77}
		{FDA49C7A-0D19-BC89-3238-75B3B4A0E6EE} = {89C816A7-DD31-D54C-C69C-5A80E0C49B77}
	EndGlobalSection
EndGlobal
