Microsoft Visual Studio Solution File, Format Version 11.00
# Visual Studio 2010
Project("{2150E333-8FDC-42A3-9474-1A3956D46DE8}") = "(base)", "..\..\base", "{9785FB75-982A-5DE3-252D-3F288B9FEF5B}"
EndProject
Project("{2150E333-8FDC-42A3-9474-1A3956D46DE8}") = "(command_buffer)", "..\..\gpu\command_buffer", "{1670CB0B-8AB5-66D9-D715-D2DC1A1CB97F}"
EndProject
Project("{2150E333-8FDC-42A3-9474-1A3956D46DE8}") = "(gpu)", "..\..\gpu", "{C2E276B7-2737-A889-723C-CE2956B80FB7}"
EndProject
Project("{2150E333-8FDC-42A3-9474-1A3956D46DE8}") = "(khronos)", "..\..\third_party\khronos", "{7522960F-C97E-E7C9-38F2-1B74A395F476}"
EndProject
Project("{2150E333-8FDC-42A3-9474-1A3956D46DE8}") = "(media)", "..\..\media", "{019E1937-61F3-F9EC-47C4-8EB017B64518}"
EndProject
Project("{2150E333-8FDC-42A3-9474-1A3956D46DE8}") = "(native_client)", "..\..\native_client", "{829C43DA-1372-614D-F044-340432AECC41}"
EndProject
Project("{2150E333-8FDC-42A3-9474-1A3956D46DE8}") = "(ppapi)", "..\..\ppapi", "{5BA6C264-85BC-9866-43EA-BB93D171CD6E}"
EndProject
Project("{2150E333-8FDC-42A3-9474-1A3956D46DE8}") = "(third_party)", "..\..\third_party", "{89C816A7-DD31-D54C-C69C-5A80E0C49B77}"
EndProject
Project("{8BC9CEB8-8B4A-11D0-8D11-00A0C91BC942}") = "base_untrusted", "..\base\base_untrusted.vcxproj", "{B2118CF9-B9A3-EFB6-03FA-4C20502F4EB2}"
	ProjectSection(ProjectDependencies) = postProject
		{B095EC88-DAED-71F7-C029-C34CB3212D8A} = {B095EC88-DAED-71F7-C029-C34CB3212D8A}
	EndProjectSection
EndProject
Project("{8BC9CEB8-8B4A-11D0-8D11-00A0C91BC942}") = "command_buffer_client_untrusted", "..\gpu\command_buffer_client_untrusted.vcxproj", "{840E871F-183E-9129-7975-A5057DAE374E}"
	ProjectSection(ProjectDependencies) = postProject
		{B095EC88-DAED-71F7-C029-C34CB3212D8A} = {B095EC88-DAED-71F7-C029-C34CB3212D8A}
		{B2118CF9-B9A3-EFB6-03FA-4C20502F4EB2} = {B2118CF9-B9A3-EFB6-03FA-4C20502F4EB2}
		{78D2C92B-98F5-9E13-9EE5-E0D405CBF3FF} = {78D2C92B-98F5-9E13-9EE5-E0D405CBF3FF}
		{C0B9676C-F471-BBE0-FBFE-856913D2787C} = {C0B9676C-F471-BBE0-FBFE-856913D2787C}
	EndProjectSection
EndProject
Project("{8BC9CEB8-8B4A-11D0-8D11-00A0C91BC942}") = "command_buffer_common_untrusted", "..\gpu\command_buffer_common_untrusted.vcxproj", "{78D2C92B-98F5-9E13-9EE5-E0D405CBF3FF}"
	ProjectSection(ProjectDependencies) = postProject
		{B095EC88-DAED-71F7-C029-C34CB3212D8A} = {B095EC88-DAED-71F7-C029-C34CB3212D8A}
		{B2118CF9-B9A3-EFB6-03FA-4C20502F4EB2} = {B2118CF9-B9A3-EFB6-03FA-4C20502F4EB2}
		{820A40DC-22D2-35EC-02F8-320DBC10D3C3} = {820A40DC-22D2-35EC-02F8-320DBC10D3C3}
		{C0B9676C-F471-BBE0-FBFE-856913D2787C} = {C0B9676C-F471-BBE0-FBFE-856913D2787C}
	EndProjectSection
EndProject
Project("{8BC9CEB8-8B4A-11D0-8D11-00A0C91BC942}") = "crt_fini_32", "..\native_client\crt_fini_32.vcxproj", "{AA21046B-7FD8-2F58-CA40-85625BA4C600}"
	ProjectSection(ProjectDependencies) = postProject
		{4A627EFE-6DE7-D420-85AB-1F5B656627E8} = {4A627EFE-6DE7-D420-85AB-1F5B656627E8}
		{E9C0ADDD-1416-FFD8-F2AD-50E1AA6DB6DD} = {E9C0ADDD-1416-FFD8-F2AD-50E1AA6DB6DD}
	EndProjectSection
EndProject
Project("{8BC9CEB8-8B4A-11D0-8D11-00A0C91BC942}") = "crt_fini_64", "..\native_client\crt_fini_64.vcxproj", "{8300EDD9-B2AD-4298-EF06-BB0E17411B83}"
	ProjectSection(ProjectDependencies) = postProject
		{4A627EFE-6DE7-D420-85AB-1F5B656627E8} = {4A627EFE-6DE7-D420-85AB-1F5B656627E8}
		{E9C0ADDD-1416-FFD8-F2AD-50E1AA6DB6DD} = {E9C0ADDD-1416-FFD8-F2AD-50E1AA6DB6DD}
	EndProjectSection
EndProject
Project("{8BC9CEB8-8B4A-11D0-8D11-00A0C91BC942}") = "crt_init_32", "..\native_client\crt_init_32.vcxproj", "{C785C2F4-BEE6-39C1-2950-7D47C6E670F4}"
	ProjectSection(ProjectDependencies) = postProject
		{4A627EFE-6DE7-D420-85AB-1F5B656627E8} = {4A627EFE-6DE7-D420-85AB-1F5B656627E8}
		{E9C0ADDD-1416-FFD8-F2AD-50E1AA6DB6DD} = {E9C0ADDD-1416-FFD8-F2AD-50E1AA6DB6DD}
	EndProjectSection
EndProject
Project("{8BC9CEB8-8B4A-11D0-8D11-00A0C91BC942}") = "crt_init_64", "..\native_client\crt_init_64.vcxproj", "{38A240F6-7308-D6DC-97ED-0C737A8FD153}"
	ProjectSection(ProjectDependencies) = postProject
		{4A627EFE-6DE7-D420-85AB-1F5B656627E8} = {4A627EFE-6DE7-D420-85AB-1F5B656627E8}
		{E9C0ADDD-1416-FFD8-F2AD-50E1AA6DB6DD} = {E9C0ADDD-1416-FFD8-F2AD-50E1AA6DB6DD}
	EndProjectSection
EndProject
Project("{8BC9CEB8-8B4A-11D0-8D11-00A0C91BC942}") = "gles2_cmd_helper_untrusted", "..\gpu\gles2_cmd_helper_untrusted.vcxproj", "{467EA339-7515-CFDF-2B42-B9C9CA5F1CA6}"
	ProjectSection(ProjectDependencies) = postProject
		{B095EC88-DAED-71F7-C029-C34CB3212D8A} = {B095EC88-DAED-71F7-C029-C34CB3212D8A}
		{B2118CF9-B9A3-EFB6-03FA-4C20502F4EB2} = {B2118CF9-B9A3-EFB6-03FA-4C20502F4EB2}
		{840E871F-183E-9129-7975-A5057DAE374E} = {840E871F-183E-9129-7975-A5057DAE374E}
	EndProjectSection
EndProject
Project("{8BC9CEB8-8B4A-11D0-8D11-00A0C91BC942}") = "gles2_implementation_untrusted", "..\gpu\gles2_implementation_untrusted.vcxproj", "{7983065A-67D5-1ED3-E8D7-195705AE2FBA}"
	ProjectSection(ProjectDependencies) = postProject
		{B095EC88-DAED-71F7-C029-C34CB3212D8A} = {B095EC88-DAED-71F7-C029-C34CB3212D8A}
		{B2118CF9-B9A3-EFB6-03FA-4C20502F4EB2} = {B2118CF9-B9A3-EFB6-03FA-4C20502F4EB2}
		{C0B9676C-F471-BBE0-FBFE-856913D2787C} = {C0B9676C-F471-BBE0-FBFE-856913D2787C}
		{820A40DC-22D2-35EC-02F8-320DBC10D3C3} = {820A40DC-22D2-35EC-02F8-320DBC10D3C3}
		{467EA339-7515-CFDF-2B42-B9C9CA5F1CA6} = {467EA339-7515-CFDF-2B42-B9C9CA5F1CA6}
	EndProjectSection
EndProject
Project("{8BC9CEB8-8B4A-11D0-8D11-00A0C91BC942}") = "gles2_utils_untrusted", "..\gpu\command_buffer\gles2_utils_untrusted.vcxproj", "{820A40DC-22D2-35EC-02F8-320DBC10D3C3}"
	ProjectSection(ProjectDependencies) = postProject
		{B095EC88-DAED-71F7-C029-C34CB3212D8A} = {B095EC88-DAED-71F7-C029-C34CB3212D8A}
		{B2118CF9-B9A3-EFB6-03FA-4C20502F4EB2} = {B2118CF9-B9A3-EFB6-03FA-4C20502F4EB2}
		{C0B9676C-F471-BBE0-FBFE-856913D2787C} = {C0B9676C-F471-BBE0-FBFE-856913D2787C}
	EndProjectSection
EndProject
Project("{8BC9CEB8-8B4A-11D0-8D11-00A0C91BC942}") = "khronos_headers", "..\third_party\khronos\khronos_headers.vcxproj", "{C0B9676C-F471-BBE0-FBFE-856913D2787C}"
EndProject
Project("{8BC9CEB8-8B4A-11D0-8D11-00A0C91BC942}") = "ppapi_shared_untrusted", "ppapi_shared_untrusted.vcxproj", "{2C61E202-CB72-FDB6-9DCF-0EFB5762AE61}"
	ProjectSection(ProjectDependencies) = postProject
		{B095EC88-DAED-71F7-C029-C34CB3212D8A} = {B095EC88-DAED-71F7-C029-C34CB3212D8A}
		{B2118CF9-B9A3-EFB6-03FA-4C20502F4EB2} = {B2118CF9-B9A3-EFB6-03FA-4C20502F4EB2}
		{820A40DC-22D2-35EC-02F8-320DBC10D3C3} = {820A40DC-22D2-35EC-02F8-320DBC10D3C3}
		{840E871F-183E-9129-7975-A5057DAE374E} = {840E871F-183E-9129-7975-A5057DAE374E}
		{7983065A-67D5-1ED3-E8D7-195705AE2FBA} = {7983065A-67D5-1ED3-E8D7-195705AE2FBA}
		{B5102557-C54D-AD3A-4449-82D4A75A2A7E} = {B5102557-C54D-AD3A-4449-82D4A75A2A7E}
		{C0B9676C-F471-BBE0-FBFE-856913D2787C} = {C0B9676C-F471-BBE0-FBFE-856913D2787C}
	EndProjectSection
EndProject
Project("{8BC9CEB8-8B4A-11D0-8D11-00A0C91BC942}") = "prep_nacl_sdk", "..\native_client\prep_nacl_sdk.vcxproj", "{E9C0ADDD-1416-FFD8-F2AD-50E1AA6DB6DD}"
	ProjectSection(ProjectDependencies) = postProject
		{4A627EFE-6DE7-D420-85AB-1F5B656627E8} = {4A627EFE-6DE7-D420-85AB-1F5B656627E8}
	EndProjectSection
EndProject
Project("{8BC9CEB8-8B4A-11D0-8D11-00A0C91BC942}") = "prep_toolchain", "..\native_client\prep_toolchain.vcxproj", "{B095EC88-DAED-71F7-C029-C34CB3212D8A}"
	ProjectSection(ProjectDependencies) = postProject
		{4A627EFE-6DE7-D420-85AB-1F5B656627E8} = {4A627EFE-6DE7-D420-85AB-1F5B656627E8}
		{E9C0ADDD-1416-FFD8-F2AD-50E1AA6DB6DD} = {E9C0ADDD-1416-FFD8-F2AD-50E1AA6DB6DD}
		{C785C2F4-BEE6-39C1-2950-7D47C6E670F4} = {C785C2F4-BEE6-39C1-2950-7D47C6E670F4}
		{AA21046B-7FD8-2F58-CA40-85625BA4C600} = {AA21046B-7FD8-2F58-CA40-85625BA4C600}
		{38A240F6-7308-D6DC-97ED-0C737A8FD153} = {38A240F6-7308-D6DC-97ED-0C737A8FD153}
		{8300EDD9-B2AD-4298-EF06-BB0E17411B83} = {8300EDD9-B2AD-4298-EF06-BB0E17411B83}
	EndProjectSection
EndProject
Project("{8BC9CEB8-8B4A-11D0-8D11-00A0C91BC942}") = "shared_memory_support_untrusted", "..\media\shared_memory_support_untrusted.vcxproj", "{B5102557-C54D-AD3A-4449-82D4A75A2A7E}"
	ProjectSection(ProjectDependencies) = postProject
		{B095EC88-DAED-71F7-C029-C34CB3212D8A} = {B095EC88-DAED-71F7-C029-C34CB3212D8A}
		{B2118CF9-B9A3-EFB6-03FA-4C20502F4EB2} = {B2118CF9-B9A3-EFB6-03FA-4C20502F4EB2}
	EndProjectSection
EndProject
Project("{8BC9CEB8-8B4A-11D0-8D11-00A0C91BC942}") = "untar_toolchains", "..\native_client\untar_toolchains.vcxproj", "{4A627EFE-6DE7-D420-85AB-1F5B656627E8}"
EndProject
Global
	GlobalSection(SolutionConfigurationPlatforms) = preSolution
		Release|x64 = Release|x64
		Debug|Win32 = Debug|Win32
		Debug|x64 = Debug|x64
		Release|Win32 = Release|Win32
	EndGlobalSection
	GlobalSection(ProjectConfigurationPlatforms) = postSolution
		{2C61E202-CB72-FDB6-9DCF-0EFB5762AE61}.Release|x64.ActiveCfg = Release|x64
		{2C61E202-CB72-FDB6-9DCF-0EFB5762AE61}.Release|x64.Build.0 = Release|x64
		{2C61E202-CB72-FDB6-9DCF-0EFB5762AE61}.Debug|Win32.ActiveCfg = Debug|Win32
		{2C61E202-CB72-FDB6-9DCF-0EFB5762AE61}.Debug|Win32.Build.0 = Debug|Win32
		{2C61E202-CB72-FDB6-9DCF-0EFB5762AE61}.Debug|x64.ActiveCfg = Debug|x64
		{2C61E202-CB72-FDB6-9DCF-0EFB5762AE61}.Debug|x64.Build.0 = Debug|x64
		{2C61E202-CB72-FDB6-9DCF-0EFB5762AE61}.Release|Win32.ActiveCfg = Release|Win32
		{2C61E202-CB72-FDB6-9DCF-0EFB5762AE61}.Release|Win32.Build.0 = Release|Win32
		{38A240F6-7308-D6DC-97ED-0C737A8FD153}.Release|x64.ActiveCfg = Release|x64
		{38A240F6-7308-D6DC-97ED-0C737A8FD153}.Release|x64.Build.0 = Release|x64
		{38A240F6-7308-D6DC-97ED-0C737A8FD153}.Debug|Win32.ActiveCfg = Debug|Win32
		{38A240F6-7308-D6DC-97ED-0C737A8FD153}.Debug|Win32.Build.0 = Debug|Win32
		{38A240F6-7308-D6DC-97ED-0C737A8FD153}.Debug|x64.ActiveCfg = Debug|x64
		{38A240F6-7308-D6DC-97ED-0C737A8FD153}.Debug|x64.Build.0 = Debug|x64
		{38A240F6-7308-D6DC-97ED-0C737A8FD153}.Release|Win32.ActiveCfg = Release|Win32
		{38A240F6-7308-D6DC-97ED-0C737A8FD153}.Release|Win32.Build.0 = Release|Win32
		{467EA339-7515-CFDF-2B42-B9C9CA5F1CA6}.Release|x64.ActiveCfg = Release|x64
		{467EA339-7515-CFDF-2B42-B9C9CA5F1CA6}.Release|x64.Build.0 = Release|x64
		{467EA339-7515-CFDF-2B42-B9C9CA5F1CA6}.Debug|Win32.ActiveCfg = Debug|Win32
		{467EA339-7515-CFDF-2B42-B9C9CA5F1CA6}.Debug|Win32.Build.0 = Debug|Win32
		{467EA339-7515-CFDF-2B42-B9C9CA5F1CA6}.Debug|x64.ActiveCfg = Debug|x64
		{467EA339-7515-CFDF-2B42-B9C9CA5F1CA6}.Debug|x64.Build.0 = Debug|x64
		{467EA339-7515-CFDF-2B42-B9C9CA5F1CA6}.Release|Win32.ActiveCfg = Release|Win32
		{467EA339-7515-CFDF-2B42-B9C9CA5F1CA6}.Release|Win32.Build.0 = Release|Win32
		{4A627EFE-6DE7-D420-85AB-1F5B656627E8}.Release|x64.ActiveCfg = Release|x64
		{4A627EFE-6DE7-D420-85AB-1F5B656627E8}.Release|x64.Build.0 = Release|x64
		{4A627EFE-6DE7-D420-85AB-1F5B656627E8}.Debug|Win32.ActiveCfg = Debug|Win32
		{4A627EFE-6DE7-D420-85AB-1F5B656627E8}.Debug|Win32.Build.0 = Debug|Win32
		{4A627EFE-6DE7-D420-85AB-1F5B656627E8}.Debug|x64.ActiveCfg = Debug|x64
		{4A627EFE-6DE7-D420-85AB-1F5B656627E8}.Debug|x64.Build.0 = Debug|x64
		{4A627EFE-6DE7-D420-85AB-1F5B656627E8}.Release|Win32.ActiveCfg = Release|Win32
		{4A627EFE-6DE7-D420-85AB-1F5B656627E8}.Release|Win32.Build.0 = Release|Win32
		{78D2C92B-98F5-9E13-9EE5-E0D405CBF3FF}.Release|x64.ActiveCfg = Release|x64
		{78D2C92B-98F5-9E13-9EE5-E0D405CBF3FF}.Release|x64.Build.0 = Release|x64
		{78D2C92B-98F5-9E13-9EE5-E0D405CBF3FF}.Debug|Win32.ActiveCfg = Debug|Win32
		{78D2C92B-98F5-9E13-9EE5-E0D405CBF3FF}.Debug|Win32.Build.0 = Debug|Win32
		{78D2C92B-98F5-9E13-9EE5-E0D405CBF3FF}.Debug|x64.ActiveCfg = Debug|x64
		{78D2C92B-98F5-9E13-9EE5-E0D405CBF3FF}.Debug|x64.Build.0 = Debug|x64
		{78D2C92B-98F5-9E13-9EE5-E0D405CBF3FF}.Release|Win32.ActiveCfg = Release|Win32
		{78D2C92B-98F5-9E13-9EE5-E0D405CBF3FF}.Release|Win32.Build.0 = Release|Win32
		{7983065A-67D5-1ED3-E8D7-195705AE2FBA}.Release|x64.ActiveCfg = Release|x64
		{7983065A-67D5-1ED3-E8D7-195705AE2FBA}.Release|x64.Build.0 = Release|x64
		{7983065A-67D5-1ED3-E8D7-195705AE2FBA}.Debug|Win32.ActiveCfg = Debug|Win32
		{7983065A-67D5-1ED3-E8D7-195705AE2FBA}.Debug|Win32.Build.0 = Debug|Win32
		{7983065A-67D5-1ED3-E8D7-195705AE2FBA}.Debug|x64.ActiveCfg = Debug|x64
		{7983065A-67D5-1ED3-E8D7-195705AE2FBA}.Debug|x64.Build.0 = Debug|x64
		{7983065A-67D5-1ED3-E8D7-195705AE2FBA}.Release|Win32.ActiveCfg = Release|Win32
		{7983065A-67D5-1ED3-E8D7-195705AE2FBA}.Release|Win32.Build.0 = Release|Win32
		{820A40DC-22D2-35EC-02F8-320DBC10D3C3}.Release|x64.ActiveCfg = Release|x64
		{820A40DC-22D2-35EC-02F8-320DBC10D3C3}.Release|x64.Build.0 = Release|x64
		{820A40DC-22D2-35EC-02F8-320DBC10D3C3}.Debug|Win32.ActiveCfg = Debug|Win32
		{820A40DC-22D2-35EC-02F8-320DBC10D3C3}.Debug|Win32.Build.0 = Debug|Win32
		{820A40DC-22D2-35EC-02F8-320DBC10D3C3}.Debug|x64.ActiveCfg = Debug|x64
		{820A40DC-22D2-35EC-02F8-320DBC10D3C3}.Debug|x64.Build.0 = Debug|x64
		{820A40DC-22D2-35EC-02F8-320DBC10D3C3}.Release|Win32.ActiveCfg = Release|Win32
		{820A40DC-22D2-35EC-02F8-320DBC10D3C3}.Release|Win32.Build.0 = Release|Win32
		{8300EDD9-B2AD-4298-EF06-BB0E17411B83}.Release|x64.ActiveCfg = Release|x64
		{8300EDD9-B2AD-4298-EF06-BB0E17411B83}.Release|x64.Build.0 = Release|x64
		{8300EDD9-B2AD-4298-EF06-BB0E17411B83}.Debug|Win32.ActiveCfg = Debug|Win32
		{8300EDD9-B2AD-4298-EF06-BB0E17411B83}.Debug|Win32.Build.0 = Debug|Win32
		{8300EDD9-B2AD-4298-EF06-BB0E17411B83}.Debug|x64.ActiveCfg = Debug|x64
		{8300EDD9-B2AD-4298-EF06-BB0E17411B83}.Debug|x64.Build.0 = Debug|x64
		{8300EDD9-B2AD-4298-EF06-BB0E17411B83}.Release|Win32.ActiveCfg = Release|Win32
		{8300EDD9-B2AD-4298-EF06-BB0E17411B83}.Release|Win32.Build.0 = Release|Win32
		{840E871F-183E-9129-7975-A5057DAE374E}.Release|x64.ActiveCfg = Release|x64
		{840E871F-183E-9129-7975-A5057DAE374E}.Release|x64.Build.0 = Release|x64
		{840E871F-183E-9129-7975-A5057DAE374E}.Debug|Win32.ActiveCfg = Debug|Win32
		{840E871F-183E-9129-7975-A5057DAE374E}.Debug|Win32.Build.0 = Debug|Win32
		{840E871F-183E-9129-7975-A5057DAE374E}.Debug|x64.ActiveCfg = Debug|x64
		{840E871F-183E-9129-7975-A5057DAE374E}.Debug|x64.Build.0 = Debug|x64
		{840E871F-183E-9129-7975-A5057DAE374E}.Release|Win32.ActiveCfg = Release|Win32
		{840E871F-183E-9129-7975-A5057DAE374E}.Release|Win32.Build.0 = Release|Win32
		{AA21046B-7FD8-2F58-CA40-85625BA4C600}.Release|x64.ActiveCfg = Release|x64
		{AA21046B-7FD8-2F58-CA40-85625BA4C600}.Release|x64.Build.0 = Release|x64
		{AA21046B-7FD8-2F58-CA40-85625BA4C600}.Debug|Win32.ActiveCfg = Debug|Win32
		{AA21046B-7FD8-2F58-CA40-85625BA4C600}.Debug|Win32.Build.0 = Debug|Win32
		{AA21046B-7FD8-2F58-CA40-85625BA4C600}.Debug|x64.ActiveCfg = Debug|x64
		{AA21046B-7FD8-2F58-CA40-85625BA4C600}.Debug|x64.Build.0 = Debug|x64
		{AA21046B-7FD8-2F58-CA40-85625BA4C600}.Release|Win32.ActiveCfg = Release|Win32
		{AA21046B-7FD8-2F58-CA40-85625BA4C600}.Release|Win32.Build.0 = Release|Win32
		{B095EC88-DAED-71F7-C029-C34CB3212D8A}.Release|x64.ActiveCfg = Release|x64
		{B095EC88-DAED-71F7-C029-C34CB3212D8A}.Release|x64.Build.0 = Release|x64
		{B095EC88-DAED-71F7-C029-C34CB3212D8A}.Debug|Win32.ActiveCfg = Debug|Win32
		{B095EC88-DAED-71F7-C029-C34CB3212D8A}.Debug|Win32.Build.0 = Debug|Win32
		{B095EC88-DAED-71F7-C029-C34CB3212D8A}.Debug|x64.ActiveCfg = Debug|x64
		{B095EC88-DAED-71F7-C029-C34CB3212D8A}.Debug|x64.Build.0 = Debug|x64
		{B095EC88-DAED-71F7-C029-C34CB3212D8A}.Release|Win32.ActiveCfg = Release|Win32
		{B095EC88-DAED-71F7-C029-C34CB3212D8A}.Release|Win32.Build.0 = Release|Win32
		{B2118CF9-B9A3-EFB6-03FA-4C20502F4EB2}.Release|x64.ActiveCfg = Release|x64
		{B2118CF9-B9A3-EFB6-03FA-4C20502F4EB2}.Release|x64.Build.0 = Release|x64
		{B2118CF9-B9A3-EFB6-03FA-4C20502F4EB2}.Debug|Win32.ActiveCfg = Debug|Win32
		{B2118CF9-B9A3-EFB6-03FA-4C20502F4EB2}.Debug|Win32.Build.0 = Debug|Win32
		{B2118CF9-B9A3-EFB6-03FA-4C20502F4EB2}.Debug|x64.ActiveCfg = Debug|x64
		{B2118CF9-B9A3-EFB6-03FA-4C20502F4EB2}.Debug|x64.Build.0 = Debug|x64
		{B2118CF9-B9A3-EFB6-03FA-4C20502F4EB2}.Release|Win32.ActiveCfg = Release|Win32
		{B2118CF9-B9A3-EFB6-03FA-4C20502F4EB2}.Release|Win32.Build.0 = Release|Win32
		{B5102557-C54D-AD3A-4449-82D4A75A2A7E}.Release|x64.ActiveCfg = Release|x64
		{B5102557-C54D-AD3A-4449-82D4A75A2A7E}.Release|x64.Build.0 = Release|x64
		{B5102557-C54D-AD3A-4449-82D4A75A2A7E}.Debug|Win32.ActiveCfg = Debug|Win32
		{B5102557-C54D-AD3A-4449-82D4A75A2A7E}.Debug|Win32.Build.0 = Debug|Win32
		{B5102557-C54D-AD3A-4449-82D4A75A2A7E}.Debug|x64.ActiveCfg = Debug|x64
		{B5102557-C54D-AD3A-4449-82D4A75A2A7E}.Debug|x64.Build.0 = Debug|x64
		{B5102557-C54D-AD3A-4449-82D4A75A2A7E}.Release|Win32.ActiveCfg = Release|Win32
		{B5102557-C54D-AD3A-4449-82D4A75A2A7E}.Release|Win32.Build.0 = Release|Win32
		{C0B9676C-F471-BBE0-FBFE-856913D2787C}.Release|x64.ActiveCfg = Release|x64
		{C0B9676C-F471-BBE0-FBFE-856913D2787C}.Release|x64.Build.0 = Release|x64
		{C0B9676C-F471-BBE0-FBFE-856913D2787C}.Debug|Win32.ActiveCfg = Debug|Win32
		{C0B9676C-F471-BBE0-FBFE-856913D2787C}.Debug|Win32.Build.0 = Debug|Win32
		{C0B9676C-F471-BBE0-FBFE-856913D2787C}.Debug|x64.ActiveCfg = Debug|x64
		{C0B9676C-F471-BBE0-FBFE-856913D2787C}.Debug|x64.Build.0 = Debug|x64
		{C0B9676C-F471-BBE0-FBFE-856913D2787C}.Release|Win32.ActiveCfg = Release|Win32
		{C0B9676C-F471-BBE0-FBFE-856913D2787C}.Release|Win32.Build.0 = Release|Win32
		{C785C2F4-BEE6-39C1-2950-7D47C6E670F4}.Release|x64.ActiveCfg = Release|x64
		{C785C2F4-BEE6-39C1-2950-7D47C6E670F4}.Release|x64.Build.0 = Release|x64
		{C785C2F4-BEE6-39C1-2950-7D47C6E670F4}.Debug|Win32.ActiveCfg = Debug|Win32
		{C785C2F4-BEE6-39C1-2950-7D47C6E670F4}.Debug|Win32.Build.0 = Debug|Win32
		{C785C2F4-BEE6-39C1-2950-7D47C6E670F4}.Debug|x64.ActiveCfg = Debug|x64
		{C785C2F4-BEE6-39C1-2950-7D47C6E670F4}.Debug|x64.Build.0 = Debug|x64
		{C785C2F4-BEE6-39C1-2950-7D47C6E670F4}.Release|Win32.ActiveCfg = Release|Win32
		{C785C2F4-BEE6-39C1-2950-7D47C6E670F4}.Release|Win32.Build.0 = Release|Win32
		{E9C0ADDD-1416-FFD8-F2AD-50E1AA6DB6DD}.Release|x64.ActiveCfg = Release|x64
		{E9C0ADDD-1416-FFD8-F2AD-50E1AA6DB6DD}.Release|x64.Build.0 = Release|x64
		{E9C0ADDD-1416-FFD8-F2AD-50E1AA6DB6DD}.Debug|Win32.ActiveCfg = Debug|Win32
		{E9C0ADDD-1416-FFD8-F2AD-50E1AA6DB6DD}.Debug|Win32.Build.0 = Debug|Win32
		{E9C0ADDD-1416-FFD8-F2AD-50E1AA6DB6DD}.Debug|x64.ActiveCfg = Debug|x64
		{E9C0ADDD-1416-FFD8-F2AD-50E1AA6DB6DD}.Debug|x64.Build.0 = Debug|x64
		{E9C0ADDD-1416-FFD8-F2AD-50E1AA6DB6DD}.Release|Win32.ActiveCfg = Release|Win32
		{E9C0ADDD-1416-FFD8-F2AD-50E1AA6DB6DD}.Release|Win32.Build.0 = Release|Win32
	EndGlobalSection
	GlobalSection(SolutionProperties) = preSolution
		HideSolutionNode = FALSE
	EndGlobalSection
	GlobalSection(NestedProjects) = preSolution
		{B2118CF9-B9A3-EFB6-03FA-4C20502F4EB2} = {9785FB75-982A-5DE3-252D-3F288B9FEF5B}
		{820A40DC-22D2-35EC-02F8-320DBC10D3C3} = {1670CB0B-8AB5-66D9-D715-D2DC1A1CB97F}
		{1670CB0B-8AB5-66D9-D715-D2DC1A1CB97F} = {C2E276B7-2737-A889-723C-CE2956B80FB7}
		{840E871F-183E-9129-7975-A5057DAE374E} = {C2E276B7-2737-A889-723C-CE2956B80FB7}
		{78D2C92B-98F5-9E13-9EE5-E0D405CBF3FF} = {C2E276B7-2737-A889-723C-CE2956B80FB7}
		{467EA339-7515-CFDF-2B42-B9C9CA5F1CA6} = {C2E276B7-2737-A889-723C-CE2956B80FB7}
		{7983065A-67D5-1ED3-E8D7-195705AE2FBA} = {C2E276B7-2737-A889-723C-CE2956B80FB7}
		{C0B9676C-F471-BBE0-FBFE-856913D2787C} = {7522960F-C97E-E7C9-38F2-1B74A395F476}
		{B5102557-C54D-AD3A-4449-82D4A75A2A7E} = {019E1937-61F3-F9EC-47C4-8EB017B64518}
		{AA21046B-7FD8-2F58-CA40-85625BA4C600} = {829C43DA-1372-614D-F044-340432AECC41}
		{8300EDD9-B2AD-4298-EF06-BB0E17411B83} = {829C43DA-1372-614D-F044-340432AECC41}
		{C785C2F4-BEE6-39C1-2950-7D47C6E670F4} = {829C43DA-1372-614D-F044-340432AECC41}
		{38A240F6-7308-D6DC-97ED-0C737A8FD153} = {829C43DA-1372-614D-F044-340432AECC41}
		{E9C0ADDD-1416-FFD8-F2AD-50E1AA6DB6DD} = {829C43DA-1372-614D-F044-340432AECC41}
		{B095EC88-DAED-71F7-C029-C34CB3212D8A} = {829C43DA-1372-614D-F044-340432AECC41}
		{4A627EFE-6DE7-D420-85AB-1F5B656627E8} = {829C43DA-1372-614D-F044-340432AECC41}
		{2C61E202-CB72-FDB6-9DCF-0EFB5762AE61} = {5BA6C264-85BC-9866-43EA-BB93D171CD6E}
		{7522960F-C97E-E7C9-38F2-1B74A395F476} = {89C816A7-DD31-D54C-C69C-5A80E0C49B77}
	EndGlobalSection
EndGlobal
