
Microsoft Visual Studio Solution File, Format Version 10.00
# Visual Studio 2008
Project("{8BC9CEB8-8B4A-11D0-8D11-00A0C91BC942}") = "npplayer", "npplayer\npplayer.vcproj", "{DC8EF69A-6B37-4E6E-9465-C9E06826D064}"
EndProject
Project("{8BC9CEB8-8B4A-11D0-8D11-00A0C91BC942}") = "npruntime", "..\npruntime\npruntime.vcproj", "{95E21C38-32C7-42A9-AF26-DA78B713B037}"
EndProject
Project("{8BC9CEB8-8B4A-11D0-8D11-00A0C91BC942}") = "npGxxGmPlayer", "..\npGxxGmPlayer\npGxxGmPlayer.vcproj", "{9B606FAA-A11B-4497-A1EC-88E6ACE01252}"
EndProject
Global
	GlobalSection(SolutionConfigurationPlatforms) = preSolution
		Debug|Win32 = Debug|Win32
		Release|Win32 = Release|Win32
	EndGlobalSection
	GlobalSection(ProjectConfigurationPlatforms) = postSolution
		{DC8EF69A-6B37-4E6E-9465-C9E06826D064}.Debug|Win32.ActiveCfg = Debug|Win32
		{DC8EF69A-6B37-4E6E-9465-C9E06826D064}.Debug|Win32.Build.0 = Debug|Win32
		{DC8EF69A-6B37-4E6E-9465-C9E06826D064}.Release|Win32.ActiveCfg = Release|Win32
		{DC8EF69A-6B37-4E6E-9465-C9E06826D064}.Release|Win32.Build.0 = Release|Win32
		{95E21C38-32C7-42A9-AF26-DA78B713B037}.Debug|Win32.ActiveCfg = Debug|Win32
		{95E21C38-32C7-42A9-AF26-DA78B713B037}.Debug|Win32.Build.0 = Debug|Win32
		{95E21C38-32C7-42A9-AF26-DA78B713B037}.Release|Win32.ActiveCfg = Release|Win32
		{95E21C38-32C7-42A9-AF26-DA78B713B037}.Release|Win32.Build.0 = Release|Win32
		{9B606FAA-A11B-4497-A1EC-88E6ACE01252}.Debug|Win32.ActiveCfg = Debug|Win32
		{9B606FAA-A11B-4497-A1EC-88E6ACE01252}.Debug|Win32.Build.0 = Debug|Win32
		{9B606FAA-A11B-4497-A1EC-88E6ACE01252}.Release|Win32.ActiveCfg = Release|Win32
		{9B606FAA-A11B-4497-A1EC-88E6ACE01252}.Release|Win32.Build.0 = Release|Win32
	EndGlobalSection
	GlobalSection(SolutionProperties) = preSolution
		HideSolutionNode = FALSE
	EndGlobalSection
EndGlobal
