Microsoft Visual Studio Solution File, Format Version 11.00
# Visual Studio 2010
Project("{2150E333-8FDC-42A3-9474-1A3956D46DE8}") = "(native_client)", "..\..\..\..\..\..\ppapi\native_client", "{317EA82F-CC9F-D464-C736-28BFAA6BA013}"
EndProject
Project("{2150E333-8FDC-42A3-9474-1A3956D46DE8}") = "(native_client)", "..\..\..\..\..\..\native_client", "{829C43DA-1372-614D-F044-340432AECC41}"
EndProject
Project("{2150E333-8FDC-42A3-9474-1A3956D46DE8}") = "(ppapi)", "..\..\..\..\..\..\ppapi", "{5BA6C264-85BC-9866-43EA-BB93D171CD6E}"
EndProject
Project("{2150E333-8FDC-42A3-9474-1A3956D46DE8}") = "(src)", "..\..\..\..\..\..\ppapi\native_client\src", "{FDAA3BBD-0477-42E2-0864-D8B3277B9A24}"
EndProject
Project("{2150E333-8FDC-42A3-9474-1A3956D46DE8}") = "(untrusted)", "..\..\..\..\..\..\ppapi\native_client\src\untrusted", "{70A32B00-7364-576C-DAF3-596E2AFD80AE}"
EndProject
Project("{8BC9CEB8-8B4A-11D0-8D11-00A0C91BC942}") = "crt_fini_32", "..\..\..\..\..\native_client\crt_fini_32.vcxproj", "{AA21046B-7FD8-2F58-CA40-85625BA4C600}"
	ProjectSection(ProjectDependencies) = postProject
		{4A627EFE-6DE7-D420-85AB-1F5B656627E8} = {4A627EFE-6DE7-D420-85AB-1F5B656627E8}
		{E9C0ADDD-1416-FFD8-F2AD-50E1AA6DB6DD} = {E9C0ADDD-1416-FFD8-F2AD-50E1AA6DB6DD}
	EndProjectSection
EndProject
Project("{8BC9CEB8-8B4A-11D0-8D11-00A0C91BC942}") = "crt_fini_64", "..\..\..\..\..\native_client\crt_fini_64.vcxproj", "{8300EDD9-B2AD-4298-EF06-BB0E17411B83}"
	ProjectSection(ProjectDependencies) = postProject
		{4A627EFE-6DE7-D420-85AB-1F5B656627E8} = {4A627EFE-6DE7-D420-85AB-1F5B656627E8}
		{E9C0ADDD-1416-FFD8-F2AD-50E1AA6DB6DD} = {E9C0ADDD-1416-FFD8-F2AD-50E1AA6DB6DD}
	EndProjectSection
EndProject
Project("{8BC9CEB8-8B4A-11D0-8D11-00A0C91BC942}") = "crt_init_32", "..\..\..\..\..\native_client\crt_init_32.vcxproj", "{C785C2F4-BEE6-39C1-2950-7D47C6E670F4}"
	ProjectSection(ProjectDependencies) = postProject
		{4A627EFE-6DE7-D420-85AB-1F5B656627E8} = {4A627EFE-6DE7-D420-85AB-1F5B656627E8}
		{E9C0ADDD-1416-FFD8-F2AD-50E1AA6DB6DD} = {E9C0ADDD-1416-FFD8-F2AD-50E1AA6DB6DD}
	EndProjectSection
EndProject
Project("{8BC9CEB8-8B4A-11D0-8D11-00A0C91BC942}") = "crt_init_64", "..\..\..\..\..\native_client\crt_init_64.vcxproj", "{38A240F6-7308-D6DC-97ED-0C737A8FD153}"
	ProjectSection(ProjectDependencies) = postProject
		{4A627EFE-6DE7-D420-85AB-1F5B656627E8} = {4A627EFE-6DE7-D420-85AB-1F5B656627E8}
		{E9C0ADDD-1416-FFD8-F2AD-50E1AA6DB6DD} = {E9C0ADDD-1416-FFD8-F2AD-50E1AA6DB6DD}
	EndProjectSection
EndProject
Project("{8BC9CEB8-8B4A-11D0-8D11-00A0C91BC942}") = "pnacl_irt_shim", "..\pnacl_irt_shim\pnacl_irt_shim.vcxproj", "{DEDADD73-5C6B-7F1A-B931-5A8B94F03E28}"
	ProjectSection(ProjectDependencies) = postProject
		{B095EC88-DAED-71F7-C029-C34CB3212D8A} = {B095EC88-DAED-71F7-C029-C34CB3212D8A}
	EndProjectSection
EndProject
Project("{8BC9CEB8-8B4A-11D0-8D11-00A0C91BC942}") = "pnacl_support_extension", "pnacl_support_extension.vcxproj", "{038D75CD-F9CE-EEE2-FD48-771BC4B4C4D8}"
	ProjectSection(ProjectDependencies) = postProject
		{DEDADD73-5C6B-7F1A-B931-5A8B94F03E28} = {DEDADD73-5C6B-7F1A-B931-5A8B94F03E28}
		{B095EC88-DAED-71F7-C029-C34CB3212D8A} = {B095EC88-DAED-71F7-C029-C34CB3212D8A}
	EndProjectSection
EndProject
Project("{8BC9CEB8-8B4A-11D0-8D11-00A0C91BC942}") = "prep_nacl_sdk", "..\..\..\..\..\native_client\prep_nacl_sdk.vcxproj", "{E9C0ADDD-1416-FFD8-F2AD-50E1AA6DB6DD}"
	ProjectSection(ProjectDependencies) = postProject
		{4A627EFE-6DE7-D420-85AB-1F5B656627E8} = {4A627EFE-6DE7-D420-85AB-1F5B656627E8}
	EndProjectSection
EndProject
Project("{8BC9CEB8-8B4A-11D0-8D11-00A0C91BC942}") = "prep_toolchain", "..\..\..\..\..\native_client\prep_toolchain.vcxproj", "{B095EC88-DAED-71F7-C029-C34CB3212D8A}"
	ProjectSection(ProjectDependencies) = postProject
		{4A627EFE-6DE7-D420-85AB-1F5B656627E8} = {4A627EFE-6DE7-D420-85AB-1F5B656627E8}
		{E9C0ADDD-1416-FFD8-F2AD-50E1AA6DB6DD} = {E9C0ADDD-1416-FFD8-F2AD-50E1AA6DB6DD}
		{C785C2F4-BEE6-39C1-2950-7D47C6E670F4} = {C785C2F4-BEE6-39C1-2950-7D47C6E670F4}
		{AA21046B-7FD8-2F58-CA40-85625BA4C600} = {AA21046B-7FD8-2F58-CA40-85625BA4C600}
		{38A240F6-7308-D6DC-97ED-0C737A8FD153} = {38A240F6-7308-D6DC-97ED-0C737A8FD153}
		{8300EDD9-B2AD-4298-EF06-BB0E17411B83} = {8300EDD9-B2AD-4298-EF06-BB0E17411B83}
	EndProjectSection
EndProject
Project("{8BC9CEB8-8B4A-11D0-8D11-00A0C91BC942}") = "untar_toolchains", "..\..\..\..\..\native_client\untar_toolchains.vcxproj", "{4A627EFE-6DE7-D420-85AB-1F5B656627E8}"
EndProject
Global
	GlobalSection(SolutionConfigurationPlatforms) = preSolution
		Release|x64 = Release|x64
		Debug|Win32 = Debug|Win32
		Debug|x64 = Debug|x64
		Release|Win32 = Release|Win32
	EndGlobalSection
	GlobalSection(ProjectConfigurationPlatforms) = postSolution
		{038D75CD-F9CE-EEE2-FD48-771BC4B4C4D8}.Release|x64.ActiveCfg = Release|x64
		{038D75CD-F9CE-EEE2-FD48-771BC4B4C4D8}.Release|x64.Build.0 = Release|x64
		{038D75CD-F9CE-EEE2-FD48-771BC4B4C4D8}.Debug|Win32.ActiveCfg = Debug|Win32
		{038D75CD-F9CE-EEE2-FD48-771BC4B4C4D8}.Debug|Win32.Build.0 = Debug|Win32
		{038D75CD-F9CE-EEE2-FD48-771BC4B4C4D8}.Debug|x64.ActiveCfg = Debug|x64
		{038D75CD-F9CE-EEE2-FD48-771BC4B4C4D8}.Debug|x64.Build.0 = Debug|x64
		{038D75CD-F9CE-EEE2-FD48-771BC4B4C4D8}.Release|Win32.ActiveCfg = Release|Win32
		{038D75CD-F9CE-EEE2-FD48-771BC4B4C4D8}.Release|Win32.Build.0 = Release|Win32
		{38A240F6-7308-D6DC-97ED-0C737A8FD153}.Release|x64.ActiveCfg = Release|x64
		{38A240F6-7308-D6DC-97ED-0C737A8FD153}.Release|x64.Build.0 = Release|x64
		{38A240F6-7308-D6DC-97ED-0C737A8FD153}.Debug|Win32.ActiveCfg = Debug|Win32
		{38A240F6-7308-D6DC-97ED-0C737A8FD153}.Debug|Win32.Build.0 = Debug|Win32
		{38A240F6-7308-D6DC-97ED-0C737A8FD153}.Debug|x64.ActiveCfg = Debug|x64
		{38A240F6-7308-D6DC-97ED-0C737A8FD153}.Debug|x64.Build.0 = Debug|x64
		{38A240F6-7308-D6DC-97ED-0C737A8FD153}.Release|Win32.ActiveCfg = Release|Win32
		{38A240F6-7308-D6DC-97ED-0C737A8FD153}.Release|Win32.Build.0 = Release|Win32
		{4A627EFE-6DE7-D420-85AB-1F5B656627E8}.Release|x64.ActiveCfg = Release|x64
		{4A627EFE-6DE7-D420-85AB-1F5B656627E8}.Release|x64.Build.0 = Release|x64
		{4A627EFE-6DE7-D420-85AB-1F5B656627E8}.Debug|Win32.ActiveCfg = Debug|Win32
		{4A627EFE-6DE7-D420-85AB-1F5B656627E8}.Debug|Win32.Build.0 = Debug|Win32
		{4A627EFE-6DE7-D420-85AB-1F5B656627E8}.Debug|x64.ActiveCfg = Debug|x64
		{4A627EFE-6DE7-D420-85AB-1F5B656627E8}.Debug|x64.Build.0 = Debug|x64
		{4A627EFE-6DE7-D420-85AB-1F5B656627E8}.Release|Win32.ActiveCfg = Release|Win32
		{4A627EFE-6DE7-D420-85AB-1F5B656627E8}.Release|Win32.Build.0 = Release|Win32
		{8300EDD9-B2AD-4298-EF06-BB0E17411B83}.Release|x64.ActiveCfg = Release|x64
		{8300EDD9-B2AD-4298-EF06-BB0E17411B83}.Release|x64.Build.0 = Release|x64
		{8300EDD9-B2AD-4298-EF06-BB0E17411B83}.Debug|Win32.ActiveCfg = Debug|Win32
		{8300EDD9-B2AD-4298-EF06-BB0E17411B83}.Debug|Win32.Build.0 = Debug|Win32
		{8300EDD9-B2AD-4298-EF06-BB0E17411B83}.Debug|x64.ActiveCfg = Debug|x64
		{8300EDD9-B2AD-4298-EF06-BB0E17411B83}.Debug|x64.Build.0 = Debug|x64
		{8300EDD9-B2AD-4298-EF06-BB0E17411B83}.Release|Win32.ActiveCfg = Release|Win32
		{8300EDD9-B2AD-4298-EF06-BB0E17411B83}.Release|Win32.Build.0 = Release|Win32
		{AA21046B-7FD8-2F58-CA40-85625BA4C600}.Release|x64.ActiveCfg = Release|x64
		{AA21046B-7FD8-2F58-CA40-85625BA4C600}.Release|x64.Build.0 = Release|x64
		{AA21046B-7FD8-2F58-CA40-85625BA4C600}.Debug|Win32.ActiveCfg = Debug|Win32
		{AA21046B-7FD8-2F58-CA40-85625BA4C600}.Debug|Win32.Build.0 = Debug|Win32
		{AA21046B-7FD8-2F58-CA40-85625BA4C600}.Debug|x64.ActiveCfg = Debug|x64
		{AA21046B-7FD8-2F58-CA40-85625BA4C600}.Debug|x64.Build.0 = Debug|x64
		{AA21046B-7FD8-2F58-CA40-85625BA4C600}.Release|Win32.ActiveCfg = Release|Win32
		{AA21046B-7FD8-2F58-CA40-85625BA4C600}.Release|Win32.Build.0 = Release|Win32
		{B095EC88-DAED-71F7-C029-C34CB3212D8A}.Release|x64.ActiveCfg = Release|x64
		{B095EC88-DAED-71F7-C029-C34CB3212D8A}.Release|x64.Build.0 = Release|x64
		{B095EC88-DAED-71F7-C029-C34CB3212D8A}.Debug|Win32.ActiveCfg = Debug|Win32
		{B095EC88-DAED-71F7-C029-C34CB3212D8A}.Debug|Win32.Build.0 = Debug|Win32
		{B095EC88-DAED-71F7-C029-C34CB3212D8A}.Debug|x64.ActiveCfg = Debug|x64
		{B095EC88-DAED-71F7-C029-C34CB3212D8A}.Debug|x64.Build.0 = Debug|x64
		{B095EC88-DAED-71F7-C029-C34CB3212D8A}.Release|Win32.ActiveCfg = Release|Win32
		{B095EC88-DAED-71F7-C029-C34CB3212D8A}.Release|Win32.Build.0 = Release|Win32
		{C785C2F4-BEE6-39C1-2950-7D47C6E670F4}.Release|x64.ActiveCfg = Release|x64
		{C785C2F4-BEE6-39C1-2950-7D47C6E670F4}.Release|x64.Build.0 = Release|x64
		{C785C2F4-BEE6-39C1-2950-7D47C6E670F4}.Debug|Win32.ActiveCfg = Debug|Win32
		{C785C2F4-BEE6-39C1-2950-7D47C6E670F4}.Debug|Win32.Build.0 = Debug|Win32
		{C785C2F4-BEE6-39C1-2950-7D47C6E670F4}.Debug|x64.ActiveCfg = Debug|x64
		{C785C2F4-BEE6-39C1-2950-7D47C6E670F4}.Debug|x64.Build.0 = Debug|x64
		{C785C2F4-BEE6-39C1-2950-7D47C6E670F4}.Release|Win32.ActiveCfg = Release|Win32
		{C785C2F4-BEE6-39C1-2950-7D47C6E670F4}.Release|Win32.Build.0 = Release|Win32
		{DEDADD73-5C6B-7F1A-B931-5A8B94F03E28}.Release|x64.ActiveCfg = Release|x64
		{DEDADD73-5C6B-7F1A-B931-5A8B94F03E28}.Release|x64.Build.0 = Release|x64
		{DEDADD73-5C6B-7F1A-B931-5A8B94F03E28}.Debug|Win32.ActiveCfg = Debug|Win32
		{DEDADD73-5C6B-7F1A-B931-5A8B94F03E28}.Debug|Win32.Build.0 = Debug|Win32
		{DEDADD73-5C6B-7F1A-B931-5A8B94F03E28}.Debug|x64.ActiveCfg = Debug|x64
		{DEDADD73-5C6B-7F1A-B931-5A8B94F03E28}.Debug|x64.Build.0 = Debug|x64
		{DEDADD73-5C6B-7F1A-B931-5A8B94F03E28}.Release|Win32.ActiveCfg = Release|Win32
		{DEDADD73-5C6B-7F1A-B931-5A8B94F03E28}.Release|Win32.Build.0 = Release|Win32
		{E9C0ADDD-1416-FFD8-F2AD-50E1AA6DB6DD}.Release|x64.ActiveCfg = Release|x64
		{E9C0ADDD-1416-FFD8-F2AD-50E1AA6DB6DD}.Release|x64.Build.0 = Release|x64
		{E9C0ADDD-1416-FFD8-F2AD-50E1AA6DB6DD}.Debug|Win32.ActiveCfg = Debug|Win32
		{E9C0ADDD-1416-FFD8-F2AD-50E1AA6DB6DD}.Debug|Win32.Build.0 = Debug|Win32
		{E9C0ADDD-1416-FFD8-F2AD-50E1AA6DB6DD}.Debug|x64.ActiveCfg = Debug|x64
		{E9C0ADDD-1416-FFD8-F2AD-50E1AA6DB6DD}.Debug|x64.Build.0 = Debug|x64
		{E9C0ADDD-1416-FFD8-F2AD-50E1AA6DB6DD}.Release|Win32.ActiveCfg = Release|Win32
		{E9C0ADDD-1416-FFD8-F2AD-50E1AA6DB6DD}.Release|Win32.Build.0 = Release|Win32
	EndGlobalSection
	GlobalSection(SolutionProperties) = preSolution
		HideSolutionNode = FALSE
	EndGlobalSection
	GlobalSection(NestedProjects) = preSolution
		{FDAA3BBD-0477-42E2-0864-D8B3277B9A24} = {317EA82F-CC9F-D464-C736-28BFAA6BA013}
		{AA21046B-7FD8-2F58-CA40-85625BA4C600} = {829C43DA-1372-614D-F044-340432AECC41}
		{8300EDD9-B2AD-4298-EF06-BB0E17411B83} = {829C43DA-1372-614D-F044-340432AECC41}
		{C785C2F4-BEE6-39C1-2950-7D47C6E670F4} = {829C43DA-1372-614D-F044-340432AECC41}
		{38A240F6-7308-D6DC-97ED-0C737A8FD153} = {829C43DA-1372-614D-F044-340432AECC41}
		{E9C0ADDD-1416-FFD8-F2AD-50E1AA6DB6DD} = {829C43DA-1372-614D-F044-340432AECC41}
		{B095EC88-DAED-71F7-C029-C34CB3212D8A} = {829C43DA-1372-614D-F044-340432AECC41}
		{4A627EFE-6DE7-D420-85AB-1F5B656627E8} = {829C43DA-1372-614D-F044-340432AECC41}
		{317EA82F-CC9F-D464-C736-28BFAA6BA013} = {5BA6C264-85BC-9866-43EA-BB93D171CD6E}
		{70A32B00-7364-576C-DAF3-596E2AFD80AE} = {FDAA3BBD-0477-42E2-0864-D8B3277B9A24}
		{DEDADD73-5C6B-7F1A-B931-5A8B94F03E28} = {70A32B00-7364-576C-DAF3-596E2AFD80AE}
		{038D75CD-F9CE-EEE2-FD48-771BC4B4C4D8} = {70A32B00-7364-576C-DAF3-596E2AFD80AE}
	EndGlobalSection
EndGlobal
